// !$*UTF8*$!
{
	archiveVersion = 1;
	classes = {
	};
	objectVersion = 56;
	objects = {

/* Begin PBXBuildFile section */
		0AA441D12A3CB58900E337B1 /* ToDoApp.swift in Sources */ = {isa = PBXBuildFile; fileRef = 0AA441D02A3CB58900E337B1 /* ToDoApp.swift */; };
		0AA441D32A3CB58900E337B1 /* ContentView.swift in Sources */ = {isa = PBXBuildFile; fileRef = 0AA441D22A3CB58900E337B1 /* ContentView.swift */; };
		0AA441D52A3CB58B00E337B1 /* Assets.xcassets in Resources */ = {isa = PBXBuildFile; fileRef = 0AA441D42A3CB58B00E337B1 /* Assets.xcassets */; };
		0AA441D82A3CB58B00E337B1 /* Preview Assets.xcassets in Resources */ = {isa = PBXBuildFile; fileRef = 0AA441D72A3CB58B00E337B1 /* Preview Assets.xcassets */; };
		0AA441E22A3CB58B00E337B1 /* ToDoTests.swift in Sources */ = {isa = PBXBuildFile; fileRef = 0AA441E12A3CB58B00E337B1 /* ToDoTests.swift */; };
		0AA441EC2A3CB58B00E337B1 /* ToDoUITests.swift in Sources */ = {isa = PBXBuildFile; fileRef = 0AA441EB2A3CB58B00E337B1 /* ToDoUITests.swift */; };
		0AA441EE2A3CB58B00E337B1 /* ToDoUITestsLaunchTests.swift in Sources */ = {isa = PBXBuildFile; fileRef = 0AA441ED2A3CB58B00E337B1 /* ToDoUITestsLaunchTests.swift */; };
		0AA442152A3CE0C500E337B1 /* FileCache.swift in Sources */ = {isa = PBXBuildFile; fileRef = 0AA442142A3CE0C500E337B1 /* FileCache.swift */; };
		0AA442162A3CE0C500E337B1 /* FileCache.swift in Sources */ = {isa = PBXBuildFile; fileRef = 0AA442142A3CE0C500E337B1 /* FileCache.swift */; };
		0AA442182A3CE10C00E337B1 /* ToDoItem.swift in Sources */ = {isa = PBXBuildFile; fileRef = 0AA442172A3CE10C00E337B1 /* ToDoItem.swift */; };
		0AA442192A3CE10C00E337B1 /* ToDoItem.swift in Sources */ = {isa = PBXBuildFile; fileRef = 0AA442172A3CE10C00E337B1 /* ToDoItem.swift */; };
/* End PBXBuildFile section */

/* Begin PBXContainerItemProxy section */
		0AA441DE2A3CB58B00E337B1 /* PBXContainerItemProxy */ = {
			isa = PBXContainerItemProxy;
			containerPortal = 0AA441C52A3CB58900E337B1 /* Project object */;
			proxyType = 1;
			remoteGlobalIDString = 0AA441CC2A3CB58900E337B1;
			remoteInfo = ToDo;
		};
		0AA441E82A3CB58B00E337B1 /* PBXContainerItemProxy */ = {
			isa = PBXContainerItemProxy;
			containerPortal = 0AA441C52A3CB58900E337B1 /* Project object */;
			proxyType = 1;
			remoteGlobalIDString = 0AA441CC2A3CB58900E337B1;
			remoteInfo = ToDo;
		};
/* End PBXContainerItemProxy section */

/* Begin PBXFileReference section */
		0AA441CD2A3CB58900E337B1 /* ToDo.app */ = {isa = PBXFileReference; explicitFileType = wrapper.application; includeInIndex = 0; path = ToDo.app; sourceTree = BUILT_PRODUCTS_DIR; };
		0AA441D02A3CB58900E337B1 /* ToDoApp.swift */ = {isa = PBXFileReference; lastKnownFileType = sourcecode.swift; path = ToDoApp.swift; sourceTree = "<group>"; };
		0AA441D22A3CB58900E337B1 /* ContentView.swift */ = {isa = PBXFileReference; lastKnownFileType = sourcecode.swift; path = ContentView.swift; sourceTree = "<group>"; };
		0AA441D42A3CB58B00E337B1 /* Assets.xcassets */ = {isa = PBXFileReference; lastKnownFileType = folder.assetcatalog; path = Assets.xcassets; sourceTree = "<group>"; };
		0AA441D72A3CB58B00E337B1 /* Preview Assets.xcassets */ = {isa = PBXFileReference; lastKnownFileType = folder.assetcatalog; path = "Preview Assets.xcassets"; sourceTree = "<group>"; };
		0AA441DD2A3CB58B00E337B1 /* ToDoTests.xctest */ = {isa = PBXFileReference; explicitFileType = wrapper.cfbundle; includeInIndex = 0; path = ToDoTests.xctest; sourceTree = BUILT_PRODUCTS_DIR; };
		0AA441E12A3CB58B00E337B1 /* ToDoTests.swift */ = {isa = PBXFileReference; lastKnownFileType = sourcecode.swift; path = ToDoTests.swift; sourceTree = "<group>"; };
		0AA441E72A3CB58B00E337B1 /* ToDoUITests.xctest */ = {isa = PBXFileReference; explicitFileType = wrapper.cfbundle; includeInIndex = 0; path = ToDoUITests.xctest; sourceTree = BUILT_PRODUCTS_DIR; };
		0AA441EB2A3CB58B00E337B1 /* ToDoUITests.swift */ = {isa = PBXFileReference; lastKnownFileType = sourcecode.swift; path = ToDoUITests.swift; sourceTree = "<group>"; };
		0AA441ED2A3CB58B00E337B1 /* ToDoUITestsLaunchTests.swift */ = {isa = PBXFileReference; lastKnownFileType = sourcecode.swift; path = ToDoUITestsLaunchTests.swift; sourceTree = "<group>"; };
		0AA442142A3CE0C500E337B1 /* FileCache.swift */ = {isa = PBXFileReference; lastKnownFileType = sourcecode.swift; path = FileCache.swift; sourceTree = "<group>"; };
		0AA442172A3CE10C00E337B1 /* ToDoItem.swift */ = {isa = PBXFileReference; lastKnownFileType = sourcecode.swift; path = ToDoItem.swift; sourceTree = "<group>"; };
/* End PBXFileReference section */

/* Begin PBXFrameworksBuildPhase section */
		0AA441CA2A3CB58900E337B1 /* Frameworks */ = {
			isa = PBXFrameworksBuildPhase;
			buildActionMask = 2147483647;
			files = (
			);
			runOnlyForDeploymentPostprocessing = 0;
		};
		0AA441DA2A3CB58B00E337B1 /* Frameworks */ = {
			isa = PBXFrameworksBuildPhase;
			buildActionMask = 2147483647;
			files = (
			);
			runOnlyForDeploymentPostprocessing = 0;
		};
		0AA441E42A3CB58B00E337B1 /* Frameworks */ = {
			isa = PBXFrameworksBuildPhase;
			buildActionMask = 2147483647;
			files = (
			);
			runOnlyForDeploymentPostprocessing = 0;
		};
/* End PBXFrameworksBuildPhase section */

/* Begin PBXGroup section */
		0AA441C42A3CB58900E337B1 = {
			isa = PBXGroup;
			children = (
				0AA441CF2A3CB58900E337B1 /* ToDo */,
				0AA441E02A3CB58B00E337B1 /* ToDoTests */,
				0AA441EA2A3CB58B00E337B1 /* ToDoUITests */,
				0AA441CE2A3CB58900E337B1 /* Products */,
			);
			sourceTree = "<group>";
		};
		0AA441CE2A3CB58900E337B1 /* Products */ = {
			isa = PBXGroup;
			children = (
				0AA441CD2A3CB58900E337B1 /* ToDo.app */,
				0AA441DD2A3CB58B00E337B1 /* ToDoTests.xctest */,
				0AA441E72A3CB58B00E337B1 /* ToDoUITests.xctest */,
			);
			name = Products;
			sourceTree = "<group>";
		};
		0AA441CF2A3CB58900E337B1 /* ToDo */ = {
			isa = PBXGroup;
			children = (
				0AA442132A3CE0A700E337B1 /* Domain */,
				0AA441D02A3CB58900E337B1 /* ToDoApp.swift */,
				0AA441D22A3CB58900E337B1 /* ContentView.swift */,
				0AA441D42A3CB58B00E337B1 /* Assets.xcassets */,
				0AA441D62A3CB58B00E337B1 /* Preview Content */,
			);
			path = ToDo;
			sourceTree = "<group>";
		};
		0AA441D62A3CB58B00E337B1 /* Preview Content */ = {
			isa = PBXGroup;
			children = (
				0AA441D72A3CB58B00E337B1 /* Preview Assets.xcassets */,
			);
			path = "Preview Content";
			sourceTree = "<group>";
		};
		0AA441E02A3CB58B00E337B1 /* ToDoTests */ = {
			isa = PBXGroup;
			children = (
				0AA441E12A3CB58B00E337B1 /* ToDoTests.swift */,
			);
			path = ToDoTests;
			sourceTree = "<group>";
		};
		0AA441EA2A3CB58B00E337B1 /* ToDoUITests */ = {
			isa = PBXGroup;
			children = (
				0AA441EB2A3CB58B00E337B1 /* ToDoUITests.swift */,
				0AA441ED2A3CB58B00E337B1 /* ToDoUITestsLaunchTests.swift */,
			);
			path = ToDoUITests;
			sourceTree = "<group>";
		};
		0AA442132A3CE0A700E337B1 /* Domain */ = {
			isa = PBXGroup;
			children = (
				0AA442142A3CE0C500E337B1 /* FileCache.swift */,
				0AA442172A3CE10C00E337B1 /* ToDoItem.swift */,
			);
			path = Domain;
			sourceTree = "<group>";
		};
/* End PBXGroup section */

/* Begin PBXNativeTarget section */
		0AA441CC2A3CB58900E337B1 /* ToDo */ = {
			isa = PBXNativeTarget;
			buildConfigurationList = 0AA441F12A3CB58B00E337B1 /* Build configuration list for PBXNativeTarget "ToDo" */;
			buildPhases = (
				0AA441C92A3CB58900E337B1 /* Sources */,
				0AA441CA2A3CB58900E337B1 /* Frameworks */,
				0AA441CB2A3CB58900E337B1 /* Resources */,
			);
			buildRules = (
			);
			dependencies = (
			);
			name = ToDo;
			productName = ToDo;
			productReference = 0AA441CD2A3CB58900E337B1 /* ToDo.app */;
			productType = "com.apple.product-type.application";
		};
		0AA441DC2A3CB58B00E337B1 /* ToDoTests */ = {
			isa = PBXNativeTarget;
			buildConfigurationList = 0AA441F42A3CB58B00E337B1 /* Build configuration list for PBXNativeTarget "ToDoTests" */;
			buildPhases = (
				0AA441D92A3CB58B00E337B1 /* Sources */,
				0AA441DA2A3CB58B00E337B1 /* Frameworks */,
				0AA441DB2A3CB58B00E337B1 /* Resources */,
			);
			buildRules = (
			);
			dependencies = (
				0AA441DF2A3CB58B00E337B1 /* PBXTargetDependency */,
			);
			name = ToDoTests;
			productName = ToDoTests;
			productReference = 0AA441DD2A3CB58B00E337B1 /* ToDoTests.xctest */;
			productType = "com.apple.product-type.bundle.unit-test";
		};
		0AA441E62A3CB58B00E337B1 /* ToDoUITests */ = {
			isa = PBXNativeTarget;
			buildConfigurationList = 0AA441F72A3CB58B00E337B1 /* Build configuration list for PBXNativeTarget "ToDoUITests" */;
			buildPhases = (
				0AA441E32A3CB58B00E337B1 /* Sources */,
				0AA441E42A3CB58B00E337B1 /* Frameworks */,
				0AA441E52A3CB58B00E337B1 /* Resources */,
			);
			buildRules = (
			);
			dependencies = (
				0AA441E92A3CB58B00E337B1 /* PBXTargetDependency */,
			);
			name = ToDoUITests;
			productName = ToDoUITests;
			productReference = 0AA441E72A3CB58B00E337B1 /* ToDoUITests.xctest */;
			productType = "com.apple.product-type.bundle.ui-testing";
		};
/* End PBXNativeTarget section */

/* Begin PBXProject section */
		0AA441C52A3CB58900E337B1 /* Project object */ = {
			isa = PBXProject;
			attributes = {
				BuildIndependentTargetsInParallel = 1;
				KnownAssetTags = (
					New,
				);
				LastSwiftUpdateCheck = 1420;
				LastUpgradeCheck = 1420;
				TargetAttributes = {
					0AA441CC2A3CB58900E337B1 = {
						CreatedOnToolsVersion = 14.2;
					};
					0AA441DC2A3CB58B00E337B1 = {
						CreatedOnToolsVersion = 14.2;
						TestTargetID = 0AA441CC2A3CB58900E337B1;
					};
					0AA441E62A3CB58B00E337B1 = {
						CreatedOnToolsVersion = 14.2;
						TestTargetID = 0AA441CC2A3CB58900E337B1;
					};
				};
			};
			buildConfigurationList = 0AA441C82A3CB58900E337B1 /* Build configuration list for PBXProject "ToDo" */;
			compatibilityVersion = "Xcode 14.0";
			developmentRegion = en;
			hasScannedForEncodings = 0;
			knownRegions = (
				en,
				Base,
			);
			mainGroup = 0AA441C42A3CB58900E337B1;
			productRefGroup = 0AA441CE2A3CB58900E337B1 /* Products */;
			projectDirPath = "";
			projectRoot = "";
			targets = (
				0AA441CC2A3CB58900E337B1 /* ToDo */,
				0AA441DC2A3CB58B00E337B1 /* ToDoTests */,
				0AA441E62A3CB58B00E337B1 /* ToDoUITests */,
			);
		};
/* End PBXProject section */

/* Begin PBXResourcesBuildPhase section */
		0AA441CB2A3CB58900E337B1 /* Resources */ = {
			isa = PBXResourcesBuildPhase;
			buildActionMask = 2147483647;
			files = (
				0AA441D82A3CB58B00E337B1 /* Preview Assets.xcassets in Resources */,
				0AA441D52A3CB58B00E337B1 /* Assets.xcassets in Resources */,
			);
			runOnlyForDeploymentPostprocessing = 0;
		};
		0AA441DB2A3CB58B00E337B1 /* Resources */ = {
			isa = PBXResourcesBuildPhase;
			buildActionMask = 2147483647;
			files = (
			);
			runOnlyForDeploymentPostprocessing = 0;
		};
		0AA441E52A3CB58B00E337B1 /* Resources */ = {
			isa = PBXResourcesBuildPhase;
			buildActionMask = 2147483647;
			files = (
			);
			runOnlyForDeploymentPostprocessing = 0;
		};
/* End PBXResourcesBuildPhase section */

/* Begin PBXSourcesBuildPhase section */
		0AA441C92A3CB58900E337B1 /* Sources */ = {
			isa = PBXSourcesBuildPhase;
			buildActionMask = 2147483647;
			files = (
				0AA441D32A3CB58900E337B1 /* ContentView.swift in Sources */,
				0AA442152A3CE0C500E337B1 /* FileCache.swift in Sources */,
				0AA442182A3CE10C00E337B1 /* ToDoItem.swift in Sources */,
				0AA441D12A3CB58900E337B1 /* ToDoApp.swift in Sources */,
			);
			runOnlyForDeploymentPostprocessing = 0;
		};
		0AA441D92A3CB58B00E337B1 /* Sources */ = {
			isa = PBXSourcesBuildPhase;
			buildActionMask = 2147483647;
			files = (
				0AA442162A3CE0C500E337B1 /* FileCache.swift in Sources */,
				0AA441E22A3CB58B00E337B1 /* ToDoTests.swift in Sources */,
				0AA442192A3CE10C00E337B1 /* ToDoItem.swift in Sources */,
			);
			runOnlyForDeploymentPostprocessing = 0;
		};
		0AA441E32A3CB58B00E337B1 /* Sources */ = {
			isa = PBXSourcesBuildPhase;
			buildActionMask = 2147483647;
			files = (
				0AA441EE2A3CB58B00E337B1 /* ToDoUITestsLaunchTests.swift in Sources */,
				0AA441EC2A3CB58B00E337B1 /* ToDoUITests.swift in Sources */,
			);
			runOnlyForDeploymentPostprocessing = 0;
		};
/* End PBXSourcesBuildPhase section */

/* Begin PBXTargetDependency section */
		0AA441DF2A3CB58B00E337B1 /* PBXTargetDependency */ = {
			isa = PBXTargetDependency;
			target = 0AA441CC2A3CB58900E337B1 /* ToDo */;
			targetProxy = 0AA441DE2A3CB58B00E337B1 /* PBXContainerItemProxy */;
		};
		0AA441E92A3CB58B00E337B1 /* PBXTargetDependency */ = {
			isa = PBXTargetDependency;
			target = 0AA441CC2A3CB58900E337B1 /* ToDo */;
			targetProxy = 0AA441E82A3CB58B00E337B1 /* PBXContainerItemProxy */;
		};
/* End PBXTargetDependency section */

/* Begin XCBuildConfiguration section */
		0AA441EF2A3CB58B00E337B1 /* Debug */ = {
			isa = XCBuildConfiguration;
			buildSettings = {
				ALWAYS_SEARCH_USER_PATHS = NO;
				CLANG_ANALYZER_NONNULL = YES;
				CLANG_ANALYZER_NUMBER_OBJECT_CONVERSION = YES_AGGRESSIVE;
				CLANG_CXX_LANGUAGE_STANDARD = "gnu++20";
				CLANG_ENABLE_MODULES = YES;
				CLANG_ENABLE_OBJC_ARC = YES;
				CLANG_ENABLE_OBJC_WEAK = YES;
				CLANG_WARN_BLOCK_CAPTURE_AUTORELEASING = YES;
				CLANG_WARN_BOOL_CONVERSION = YES;
				CLANG_WARN_COMMA = YES;
				CLANG_WARN_CONSTANT_CONVERSION = YES;
				CLANG_WARN_DEPRECATED_OBJC_IMPLEMENTATIONS = YES;
				CLANG_WARN_DIRECT_OBJC_ISA_USAGE = YES_ERROR;
				CLANG_WARN_DOCUMENTATION_COMMENTS = YES;
				CLANG_WARN_EMPTY_BODY = YES;
				CLANG_WARN_ENUM_CONVERSION = YES;
				CLANG_WARN_INFINITE_RECURSION = YES;
				CLANG_WARN_INT_CONVERSION = YES;
				CLANG_WARN_NON_LITERAL_NULL_CONVERSION = YES;
				CLANG_WARN_OBJC_IMPLICIT_RETAIN_SELF = YES;
				CLANG_WARN_OBJC_LITERAL_CONVERSION = YES;
				CLANG_WARN_OBJC_ROOT_CLASS = YES_ERROR;
				CLANG_WARN_QUOTED_INCLUDE_IN_FRAMEWORK_HEADER = YES;
				CLANG_WARN_RANGE_LOOP_ANALYSIS = YES;
				CLANG_WARN_STRICT_PROTOTYPES = YES;
				CLANG_WARN_SUSPICIOUS_MOVE = YES;
				CLANG_WARN_UNGUARDED_AVAILABILITY = YES_AGGRESSIVE;
				CLANG_WARN_UNREACHABLE_CODE = YES;
				CLANG_WARN__DUPLICATE_METHOD_MATCH = YES;
				COPY_PHASE_STRIP = NO;
				DEBUG_INFORMATION_FORMAT = dwarf;
				ENABLE_STRICT_OBJC_MSGSEND = YES;
				ENABLE_TESTABILITY = YES;
				GCC_C_LANGUAGE_STANDARD = gnu11;
				GCC_DYNAMIC_NO_PIC = NO;
				GCC_NO_COMMON_BLOCKS = YES;
				GCC_OPTIMIZATION_LEVEL = 0;
				GCC_PREPROCESSOR_DEFINITIONS = (
					"DEBUG=1",
					"$(inherited)",
				);
				GCC_WARN_64_TO_32_BIT_CONVERSION = YES;
				GCC_WARN_ABOUT_RETURN_TYPE = YES_ERROR;
				GCC_WARN_UNDECLARED_SELECTOR = YES;
				GCC_WARN_UNINITIALIZED_AUTOS = YES_AGGRESSIVE;
				GCC_WARN_UNUSED_FUNCTION = YES;
				GCC_WARN_UNUSED_VARIABLE = YES;
				IPHONEOS_DEPLOYMENT_TARGET = 16.2;
				MTL_ENABLE_DEBUG_INFO = INCLUDE_SOURCE;
				MTL_FAST_MATH = YES;
				ONLY_ACTIVE_ARCH = YES;
				SDKROOT = iphoneos;
				SWIFT_ACTIVE_COMPILATION_CONDITIONS = DEBUG;
				SWIFT_OPTIMIZATION_LEVEL = "-Onone";
			};
			name = Debug;
		};
		0AA441F02A3CB58B00E337B1 /* Release */ = {
			isa = XCBuildConfiguration;
			buildSettings = {
				ALWAYS_SEARCH_USER_PATHS = NO;
				CLANG_ANALYZER_NONNULL = YES;
				CLANG_ANALYZER_NUMBER_OBJECT_CONVERSION = YES_AGGRESSIVE;
				CLANG_CXX_LANGUAGE_STANDARD = "gnu++20";
				CLANG_ENABLE_MODULES = YES;
				CLANG_ENABLE_OBJC_ARC = YES;
				CLANG_ENABLE_OBJC_WEAK = YES;
				CLANG_WARN_BLOCK_CAPTURE_AUTORELEASING = YES;
				CLANG_WARN_BOOL_CONVERSION = YES;
				CLANG_WARN_COMMA = YES;
				CLANG_WARN_CONSTANT_CONVERSION = YES;
				CLANG_WARN_DEPRECATED_OBJC_IMPLEMENTATIONS = YES;
				CLANG_WARN_DIRECT_OBJC_ISA_USAGE = YES_ERROR;
				CLANG_WARN_DOCUMENTATION_COMMENTS = YES;
				CLANG_WARN_EMPTY_BODY = YES;
				CLANG_WARN_ENUM_CONVERSION = YES;
				CLANG_WARN_INFINITE_RECURSION = YES;
				CLANG_WARN_INT_CONVERSION = YES;
				CLANG_WARN_NON_LITERAL_NULL_CONVERSION = YES;
				CLANG_WARN_OBJC_IMPLICIT_RETAIN_SELF = YES;
				CLANG_WARN_OBJC_LITERAL_CONVERSION = YES;
				CLANG_WARN_OBJC_ROOT_CLASS = YES_ERROR;
				CLANG_WARN_QUOTED_INCLUDE_IN_FRAMEWORK_HEADER = YES;
				CLANG_WARN_RANGE_LOOP_ANALYSIS = YES;
				CLANG_WARN_STRICT_PROTOTYPES = YES;
				CLANG_WARN_SUSPICIOUS_MOVE = YES;
				CLANG_WARN_UNGUARDED_AVAILABILITY = YES_AGGRESSIVE;
				CLANG_WARN_UNREACHABLE_CODE = YES;
				CLANG_WARN__DUPLICATE_METHOD_MATCH = YES;
				COPY_PHASE_STRIP = NO;
				DEBUG_INFORMATION_FORMAT = "dwarf-with-dsym";
				ENABLE_NS_ASSERTIONS = NO;
				ENABLE_STRICT_OBJC_MSGSEND = YES;
				GCC_C_LANGUAGE_STANDARD = gnu11;
				GCC_NO_COMMON_BLOCKS = YES;
				GCC_WARN_64_TO_32_BIT_CONVERSION = YES;
				GCC_WARN_ABOUT_RETURN_TYPE = YES_ERROR;
				GCC_WARN_UNDECLARED_SELECTOR = YES;
				GCC_WARN_UNINITIALIZED_AUTOS = YES_AGGRESSIVE;
				GCC_WARN_UNUSED_FUNCTION = YES;
				GCC_WARN_UNUSED_VARIABLE = YES;
				IPHONEOS_DEPLOYMENT_TARGET = 16.2;
				MTL_ENABLE_DEBUG_INFO = NO;
				MTL_FAST_MATH = YES;
				SDKROOT = iphoneos;
				SWIFT_COMPILATION_MODE = wholemodule;
				SWIFT_OPTIMIZATION_LEVEL = "-O";
				VALIDATE_PRODUCT = YES;
			};
			name = Release;
		};
		0AA441F22A3CB58B00E337B1 /* Debug */ = {
			isa = XCBuildConfiguration;
			buildSettings = {
				ASSETCATALOG_COMPILER_APPICON_NAME = AppIcon;
				ASSETCATALOG_COMPILER_GLOBAL_ACCENT_COLOR_NAME = AccentColor;
				CODE_SIGN_STYLE = Automatic;
				CURRENT_PROJECT_VERSION = 1;
				DEVELOPMENT_ASSET_PATHS = "\"ToDo/Preview Content\"";
				ENABLE_PREVIEWS = YES;
				GENERATE_INFOPLIST_FILE = YES;
				INFOPLIST_KEY_UIApplicationSceneManifest_Generation = YES;
				INFOPLIST_KEY_UIApplicationSupportsIndirectInputEvents = YES;
				INFOPLIST_KEY_UILaunchScreen_Generation = YES;
				INFOPLIST_KEY_UISupportedInterfaceOrientations_iPad = "UIInterfaceOrientationPortrait UIInterfaceOrientationPortraitUpsideDown UIInterfaceOrientationLandscapeLeft UIInterfaceOrientationLandscapeRight";
				INFOPLIST_KEY_UISupportedInterfaceOrientations_iPhone = "UIInterfaceOrientationPortrait UIInterfaceOrientationLandscapeLeft UIInterfaceOrientationLandscapeRight";
				LD_RUNPATH_SEARCH_PATHS = (
					"$(inherited)",
					"@executable_path/Frameworks",
				);
				MARKETING_VERSION = 1.0;
				PRODUCT_BUNDLE_IDENTIFIER = "-.ToDo";
				PRODUCT_NAME = "$(TARGET_NAME)";
				SWIFT_EMIT_LOC_STRINGS = YES;
				SWIFT_VERSION = 5.0;
				TARGETED_DEVICE_FAMILY = "1,2";
			};
			name = Debug;
		};
		0AA441F32A3CB58B00E337B1 /* Release */ = {
			isa = XCBuildConfiguration;
			buildSettings = {
				ASSETCATALOG_COMPILER_APPICON_NAME = AppIcon;
				ASSETCATALOG_COMPILER_GLOBAL_ACCENT_COLOR_NAME = AccentColor;
				CODE_SIGN_STYLE = Automatic;
				CURRENT_PROJECT_VERSION = 1;
				DEVELOPMENT_ASSET_PATHS = "\"ToDo/Preview Content\"";
				ENABLE_PREVIEWS = YES;
				GENERATE_INFOPLIST_FILE = YES;
				INFOPLIST_KEY_UIApplicationSceneManifest_Generation = YES;
				INFOPLIST_KEY_UIApplicationSupportsIndirectInputEvents = YES;
				INFOPLIST_KEY_UILaunchScreen_Generation = YES;
				INFOPLIST_KEY_UISupportedInterfaceOrientations_iPad = "UIInterfaceOrientationPortrait UIInterfaceOrientationPortraitUpsideDown UIInterfaceOrientationLandscapeLeft UIInterfaceOrientationLandscapeRight";
				INFOPLIST_KEY_UISupportedInterfaceOrientations_iPhone = "UIInterfaceOrientationPortrait UIInterfaceOrientationLandscapeLeft UIInterfaceOrientationLandscapeRight";
				LD_RUNPATH_SEARCH_PATHS = (
					"$(inherited)",
					"@executable_path/Frameworks",
				);
				MARKETING_VERSION = 1.0;
				PRODUCT_BUNDLE_IDENTIFIER = "-.ToDo";
				PRODUCT_NAME = "$(TARGET_NAME)";
				SWIFT_EMIT_LOC_STRINGS = YES;
				SWIFT_VERSION = 5.0;
				TARGETED_DEVICE_FAMILY = "1,2";
			};
			name = Release;
		};
		0AA441F52A3CB58B00E337B1 /* Debug */ = {
			isa = XCBuildConfiguration;
			buildSettings = {
				ALWAYS_EMBED_SWIFT_STANDARD_LIBRARIES = YES;
				BUNDLE_LOADER = "$(TEST_HOST)";
				CODE_SIGN_STYLE = Automatic;
				CURRENT_PROJECT_VERSION = 1;
				GENERATE_INFOPLIST_FILE = YES;
				IPHONEOS_DEPLOYMENT_TARGET = 16.2;
				MARKETING_VERSION = 1.0;
				PRODUCT_BUNDLE_IDENTIFIER = "-.ToDoTests";
				PRODUCT_NAME = "$(TARGET_NAME)";
				SWIFT_EMIT_LOC_STRINGS = NO;
				SWIFT_VERSION = 5.0;
				TARGETED_DEVICE_FAMILY = "1,2";
				TEST_HOST = "$(BUILT_PRODUCTS_DIR)/ToDo.app/$(BUNDLE_EXECUTABLE_FOLDER_PATH)/ToDo";
			};
			name = Debug;
		};
		0AA441F62A3CB58B00E337B1 /* Release */ = {
			isa = XCBuildConfiguration;
			buildSettings = {
				ALWAYS_EMBED_SWIFT_STANDARD_LIBRARIES = YES;
				BUNDLE_LOADER = "$(TEST_HOST)";
				CODE_SIGN_STYLE = Automatic;
				CURRENT_PROJECT_VERSION = 1;
				GENERATE_INFOPLIST_FILE = YES;
				IPHONEOS_DEPLOYMENT_TARGET = 16.2;
				MARKETING_VERSION = 1.0;
				PRODUCT_BUNDLE_IDENTIFIER = "-.ToDoTests";
				PRODUCT_NAME = "$(TARGET_NAME)";
				SWIFT_EMIT_LOC_STRINGS = NO;
				SWIFT_VERSION = 5.0;
				TARGETED_DEVICE_FAMILY = "1,2";
				TEST_HOST = "$(BUILT_PRODUCTS_DIR)/ToDo.app/$(BUNDLE_EXECUTABLE_FOLDER_PATH)/ToDo";
			};
			name = Release;
		};
		0AA441F82A3CB58B00E337B1 /* Debug */ = {
			isa = XCBuildConfiguration;
			buildSettings = {
				ALWAYS_EMBED_SWIFT_STANDARD_LIBRARIES = YES;
				CODE_SIGN_STYLE = Automatic;
				CURRENT_PROJECT_VERSION = 1;
				GENERATE_INFOPLIST_FILE = YES;
				MARKETING_VERSION = 1.0;
				PRODUCT_BUNDLE_IDENTIFIER = "-.ToDoUITests";
				PRODUCT_NAME = "$(TARGET_NAME)";
				SWIFT_EMIT_LOC_STRINGS = NO;
				SWIFT_VERSION = 5.0;
				TARGETED_DEVICE_FAMILY = "1,2";
				TEST_TARGET_NAME = ToDo;
			};
			name = Debug;
		};
		0AA441F92A3CB58B00E337B1 /* Release */ = {
			isa = XCBuildConfiguration;
			buildSettings = {
				ALWAYS_EMBED_SWIFT_STANDARD_LIBRARIES = YES;
				CODE_SIGN_STYLE = Automatic;
				CURRENT_PROJECT_VERSION = 1;
				GENERATE_INFOPLIST_FILE = YES;
				MARKETING_VERSION = 1.0;
				PRODUCT_BUNDLE_IDENTIFIER = "-.ToDoUITests";
				PRODUCT_NAME = "$(TARGET_NAME)";
				SWIFT_EMIT_LOC_STRINGS = NO;
				SWIFT_VERSION = 5.0;
				TARGETED_DEVICE_FAMILY = "1,2";
				TEST_TARGET_NAME = ToDo;
			};
			name = Release;
		};
/* End XCBuildConfiguration section */

/* Begin XCConfigurationList section */
		0AA441C82A3CB58900E337B1 /* Build configuration list for PBXProject "ToDo" */ = {
			isa = XCConfigurationList;
			buildConfigurations = (
				0AA441EF2A3CB58B00E337B1 /* Debug */,
				0AA441F02A3CB58B00E337B1 /* Release */,
			);
			defaultConfigurationIsVisible = 0;
			defaultConfigurationName = Release;
		};
		0AA441F12A3CB58B00E337B1 /* Build configuration list for PBXNativeTarget "ToDo" */ = {
			isa = XCConfigurationList;
			buildConfigurations = (
				0AA441F22A3CB58B00E337B1 /* Debug */,
				0AA441F32A3CB58B00E337B1 /* Release */,
			);
			defaultConfigurationIsVisible = 0;
			defaultConfigurationName = Release;
		};
		0AA441F42A3CB58B00E337B1 /* Build configuration list for PBXNativeTarget "ToDoTests" */ = {
			isa = XCConfigurationList;
			buildConfigurations = (
				0AA441F52A3CB58B00E337B1 /* Debug */,
				0AA441F62A3CB58B00E337B1 /* Release */,
			);
			defaultConfigurationIsVisible = 0;
			defaultConfigurationName = Release;
		};
		0AA441F72A3CB58B00E337B1 /* Build configuration list for PBXNativeTarget "ToDoUITests" */ = {
			isa = XCConfigurationList;
			buildConfigurations = (
				0AA441F82A3CB58B00E337B1 /* Debug */,
				0AA441F92A3CB58B00E337B1 /* Release */,
			);
			defaultConfigurationIsVisible = 0;
			defaultConfigurationName = Release;
		};
/* End XCConfigurationList section */
	};
	rootObject = 0AA441C52A3CB58900E337B1 /* Project object */;
}
