// !$*UTF8*$!
{
	archiveVersion = 1;
	classes = {
	};
	objectVersion = 56;
	objects = {

/* Begin PBXBuildFile section */
		0A9490BA2A66DC5E0059C573 /* ToDoSwiftUIApp.swift in Sources */ = {isa = PBXBuildFile; fileRef = 0A9490B92A66DC5E0059C573 /* ToDoSwiftUIApp.swift */; };
		0A9490BC2A66DC5E0059C573 /* ContentView.swift in Sources */ = {isa = PBXBuildFile; fileRef = 0A9490BB2A66DC5E0059C573 /* ContentView.swift */; };
		0A9490BE2A66DC5F0059C573 /* Assets.xcassets in Resources */ = {isa = PBXBuildFile; fileRef = 0A9490BD2A66DC5F0059C573 /* Assets.xcassets */; };
		0A9490C12A66DC5F0059C573 /* Preview Assets.xcassets in Resources */ = {isa = PBXBuildFile; fileRef = 0A9490C02A66DC5F0059C573 /* Preview Assets.xcassets */; };
		0A9490CB2A66DC5F0059C573 /* ToDoSwiftUITests.swift in Sources */ = {isa = PBXBuildFile; fileRef = 0A9490CA2A66DC5F0059C573 /* ToDoSwiftUITests.swift */; };
		0A9490D52A66DC600059C573 /* ToDoSwiftUIUITests.swift in Sources */ = {isa = PBXBuildFile; fileRef = 0A9490D42A66DC600059C573 /* ToDoSwiftUIUITests.swift */; };
		0A9490D72A66DC600059C573 /* ToDoSwiftUIUITestsLaunchTests.swift in Sources */ = {isa = PBXBuildFile; fileRef = 0A9490D62A66DC600059C573 /* ToDoSwiftUIUITestsLaunchTests.swift */; };
		0A9490EE2A66E3DC0059C573 /* Objects.swift in Sources */ = {isa = PBXBuildFile; fileRef = 0A9490EC2A66E3DC0059C573 /* Objects.swift */; };
		0A9490EF2A66E3DC0059C573 /* FileCache.swift in Sources */ = {isa = PBXBuildFile; fileRef = 0A9490ED2A66E3DC0059C573 /* FileCache.swift */; };
		0A9490F92A66E3E80059C573 /* TodoItem+csv.swift in Sources */ = {isa = PBXBuildFile; fileRef = 0A9490F12A66E3E80059C573 /* TodoItem+csv.swift */; };
		0A9490FA2A66E3E80059C573 /* TodoItem+json.swift in Sources */ = {isa = PBXBuildFile; fileRef = 0A9490F22A66E3E80059C573 /* TodoItem+json.swift */; };
		0ABF76672A4DF493009BD133 /* CocoaLumberjack in Frameworks */ = {isa = PBXBuildFile; productRef = 0ABF76662A4DF493009BD133 /* CocoaLumberjack */; };
		0ABF76692A4F2CF6009BD133 /* TableCell.swift in Sources */ = {isa = PBXBuildFile; fileRef = 0ABF76682A4F2CF6009BD133 /* TableCell.swift */; };
		0ABF766C2A54B2C2009BD133 /* URLSession+extention.swift in Sources */ = {isa = PBXBuildFile; fileRef = 0ABF766B2A54B2C2009BD133 /* URLSession+extention.swift */; };
		0ABF76702A570B37009BD133 /* TodoItem+json.swift in Sources */ = {isa = PBXBuildFile; fileRef = 0ABF766F2A570B37009BD133 /* TodoItem+json.swift */; };
		0ABF76722A570B49009BD133 /* TodoItem+csv.swift in Sources */ = {isa = PBXBuildFile; fileRef = 0ABF76712A570B49009BD133 /* TodoItem+csv.swift */; };
		0ABF76852A58D2B0009BD133 /* NetworkingService.swift in Sources */ = {isa = PBXBuildFile; fileRef = 0ABF76842A58D2B0009BD133 /* NetworkingService.swift */; };
		0ABF76872A58D2CD009BD133 /* DefaultNetworkingService.swift in Sources */ = {isa = PBXBuildFile; fileRef = 0ABF76862A58D2CC009BD133 /* DefaultNetworkingService.swift */; };
		0ABF76892A58D2F6009BD133 /* ServerModels.swift in Sources */ = {isa = PBXBuildFile; fileRef = 0ABF76882A58D2F6009BD133 /* ServerModels.swift */; };
		0ABF768B2A58D31D009BD133 /* TodoItemConverter.swift in Sources */ = {isa = PBXBuildFile; fileRef = 0ABF768A2A58D31D009BD133 /* TodoItemConverter.swift */; };
		0ABF768D2A58D332009BD133 /* ApiErrors.swift in Sources */ = {isa = PBXBuildFile; fileRef = 0ABF768C2A58D332009BD133 /* ApiErrors.swift */; };
		0ABF768F2A58D352009BD133 /* HTTPMethod.swift in Sources */ = {isa = PBXBuildFile; fileRef = 0ABF768E2A58D352009BD133 /* HTTPMethod.swift */; };
		0ABF76942A5EFE9D009BD133 /* SQLite in Frameworks */ = {isa = PBXBuildFile; productRef = 0ABF76932A5EFE9D009BD133 /* SQLite */; };
		0ABF76962A5F099C009BD133 /* FileCache+DbWork.swift in Sources */ = {isa = PBXBuildFile; fileRef = 0ABF76952A5F099C009BD133 /* FileCache+DbWork.swift */; };
		0AD5D20D2A41FB9D000E826B /* AppDelegate.swift in Sources */ = {isa = PBXBuildFile; fileRef = 0AD5D20C2A41FB9D000E826B /* AppDelegate.swift */; };
		0AD5D20F2A41FB9D000E826B /* SceneDelegate.swift in Sources */ = {isa = PBXBuildFile; fileRef = 0AD5D20E2A41FB9D000E826B /* SceneDelegate.swift */; };
		0AD5D2112A41FB9D000E826B /* ViewController.swift in Sources */ = {isa = PBXBuildFile; fileRef = 0AD5D2102A41FB9D000E826B /* ViewController.swift */; };
		0AD5D2162A41FB9F000E826B /* Assets.xcassets in Resources */ = {isa = PBXBuildFile; fileRef = 0AD5D2152A41FB9F000E826B /* Assets.xcassets */; };
		0AD5D2192A41FB9F000E826B /* LaunchScreen.storyboard in Resources */ = {isa = PBXBuildFile; fileRef = 0AD5D2172A41FB9F000E826B /* LaunchScreen.storyboard */; };
		0AD5D2242A41FB9F000E826B /* ToDoTests.swift in Sources */ = {isa = PBXBuildFile; fileRef = 0AD5D2232A41FB9F000E826B /* ToDoTests.swift */; };
		0AD5D22E2A41FB9F000E826B /* ToDoUITests.swift in Sources */ = {isa = PBXBuildFile; fileRef = 0AD5D22D2A41FB9F000E826B /* ToDoUITests.swift */; };
		0AD5D2302A41FB9F000E826B /* ToDoUITestsLaunchTests.swift in Sources */ = {isa = PBXBuildFile; fileRef = 0AD5D22F2A41FB9F000E826B /* ToDoUITestsLaunchTests.swift */; };
		0AD5D24A2A41FC1B000E826B /* Objects.swift in Sources */ = {isa = PBXBuildFile; fileRef = 0AD5D2472A41FC1B000E826B /* Objects.swift */; };
		0AD5D24B2A41FC1B000E826B /* Objects.swift in Sources */ = {isa = PBXBuildFile; fileRef = 0AD5D2472A41FC1B000E826B /* Objects.swift */; };
		0AD5D24E2A41FC1B000E826B /* FileCache.swift in Sources */ = {isa = PBXBuildFile; fileRef = 0AD5D2492A41FC1B000E826B /* FileCache.swift */; };
		0AD5D24F2A41FC1B000E826B /* FileCache.swift in Sources */ = {isa = PBXBuildFile; fileRef = 0AD5D2492A41FC1B000E826B /* FileCache.swift */; };
		0AD5D2512A448880000E826B /* ToDoItemViewController.swift in Sources */ = {isa = PBXBuildFile; fileRef = 0AD5D2502A448880000E826B /* ToDoItemViewController.swift */; };
/* End PBXBuildFile section */

/* Begin PBXContainerItemProxy section */
		0A9490C72A66DC5F0059C573 /* PBXContainerItemProxy */ = {
			isa = PBXContainerItemProxy;
			containerPortal = 0AD5D2012A41FB9D000E826B /* Project object */;
			proxyType = 1;
			remoteGlobalIDString = 0A9490B62A66DC5D0059C573;
			remoteInfo = ToDoSwiftUI;
		};
		0A9490D12A66DC5F0059C573 /* PBXContainerItemProxy */ = {
			isa = PBXContainerItemProxy;
			containerPortal = 0AD5D2012A41FB9D000E826B /* Project object */;
			proxyType = 1;
			remoteGlobalIDString = 0A9490B62A66DC5D0059C573;
			remoteInfo = ToDoSwiftUI;
		};
		0AD5D2202A41FB9F000E826B /* PBXContainerItemProxy */ = {
			isa = PBXContainerItemProxy;
			containerPortal = 0AD5D2012A41FB9D000E826B /* Project object */;
			proxyType = 1;
			remoteGlobalIDString = 0AD5D2082A41FB9D000E826B;
			remoteInfo = ToDo;
		};
		0AD5D22A2A41FB9F000E826B /* PBXContainerItemProxy */ = {
			isa = PBXContainerItemProxy;
			containerPortal = 0AD5D2012A41FB9D000E826B /* Project object */;
			proxyType = 1;
			remoteGlobalIDString = 0AD5D2082A41FB9D000E826B;
			remoteInfo = ToDo;
		};
/* End PBXContainerItemProxy section */

/* Begin PBXFileReference section */
		0A9490B72A66DC5E0059C573 /* ToDoSwiftUI.app */ = {isa = PBXFileReference; explicitFileType = wrapper.application; includeInIndex = 0; path = ToDoSwiftUI.app; sourceTree = BUILT_PRODUCTS_DIR; };
		0A9490B92A66DC5E0059C573 /* ToDoSwiftUIApp.swift */ = {isa = PBXFileReference; lastKnownFileType = sourcecode.swift; path = ToDoSwiftUIApp.swift; sourceTree = "<group>"; };
		0A9490BB2A66DC5E0059C573 /* ContentView.swift */ = {isa = PBXFileReference; lastKnownFileType = sourcecode.swift; path = ContentView.swift; sourceTree = "<group>"; };
		0A9490BD2A66DC5F0059C573 /* Assets.xcassets */ = {isa = PBXFileReference; lastKnownFileType = folder.assetcatalog; path = Assets.xcassets; sourceTree = "<group>"; };
		0A9490C02A66DC5F0059C573 /* Preview Assets.xcassets */ = {isa = PBXFileReference; lastKnownFileType = folder.assetcatalog; path = "Preview Assets.xcassets"; sourceTree = "<group>"; };
		0A9490C62A66DC5F0059C573 /* ToDoSwiftUITests.xctest */ = {isa = PBXFileReference; explicitFileType = wrapper.cfbundle; includeInIndex = 0; path = ToDoSwiftUITests.xctest; sourceTree = BUILT_PRODUCTS_DIR; };
		0A9490CA2A66DC5F0059C573 /* ToDoSwiftUITests.swift */ = {isa = PBXFileReference; lastKnownFileType = sourcecode.swift; path = ToDoSwiftUITests.swift; sourceTree = "<group>"; };
		0A9490D02A66DC5F0059C573 /* ToDoSwiftUIUITests.xctest */ = {isa = PBXFileReference; explicitFileType = wrapper.cfbundle; includeInIndex = 0; path = ToDoSwiftUIUITests.xctest; sourceTree = BUILT_PRODUCTS_DIR; };
		0A9490D42A66DC600059C573 /* ToDoSwiftUIUITests.swift */ = {isa = PBXFileReference; lastKnownFileType = sourcecode.swift; path = ToDoSwiftUIUITests.swift; sourceTree = "<group>"; };
		0A9490D62A66DC600059C573 /* ToDoSwiftUIUITestsLaunchTests.swift */ = {isa = PBXFileReference; lastKnownFileType = sourcecode.swift; path = ToDoSwiftUIUITestsLaunchTests.swift; sourceTree = "<group>"; };
		0A9490EC2A66E3DC0059C573 /* Objects.swift */ = {isa = PBXFileReference; fileEncoding = 4; lastKnownFileType = sourcecode.swift; path = Objects.swift; sourceTree = "<group>"; };
		0A9490ED2A66E3DC0059C573 /* FileCache.swift */ = {isa = PBXFileReference; fileEncoding = 4; lastKnownFileType = sourcecode.swift; path = FileCache.swift; sourceTree = "<group>"; };
		0A9490F12A66E3E80059C573 /* TodoItem+csv.swift */ = {isa = PBXFileReference; fileEncoding = 4; lastKnownFileType = sourcecode.swift; path = "TodoItem+csv.swift"; sourceTree = "<group>"; };
		0A9490F22A66E3E80059C573 /* TodoItem+json.swift */ = {isa = PBXFileReference; fileEncoding = 4; lastKnownFileType = sourcecode.swift; path = "TodoItem+json.swift"; sourceTree = "<group>"; };
		0ABF76682A4F2CF6009BD133 /* TableCell.swift */ = {isa = PBXFileReference; lastKnownFileType = sourcecode.swift; path = TableCell.swift; sourceTree = "<group>"; };
		0ABF766B2A54B2C2009BD133 /* URLSession+extention.swift */ = {isa = PBXFileReference; lastKnownFileType = sourcecode.swift; path = "URLSession+extention.swift"; sourceTree = "<group>"; };
		0ABF766F2A570B37009BD133 /* TodoItem+json.swift */ = {isa = PBXFileReference; lastKnownFileType = sourcecode.swift; path = "TodoItem+json.swift"; sourceTree = "<group>"; };
		0ABF76712A570B49009BD133 /* TodoItem+csv.swift */ = {isa = PBXFileReference; lastKnownFileType = sourcecode.swift; path = "TodoItem+csv.swift"; sourceTree = "<group>"; };
		0ABF76842A58D2B0009BD133 /* NetworkingService.swift */ = {isa = PBXFileReference; lastKnownFileType = sourcecode.swift; path = NetworkingService.swift; sourceTree = "<group>"; };
		0ABF76862A58D2CC009BD133 /* DefaultNetworkingService.swift */ = {isa = PBXFileReference; lastKnownFileType = sourcecode.swift; path = DefaultNetworkingService.swift; sourceTree = "<group>"; };
		0ABF76882A58D2F6009BD133 /* ServerModels.swift */ = {isa = PBXFileReference; lastKnownFileType = sourcecode.swift; path = ServerModels.swift; sourceTree = "<group>"; };
		0ABF768A2A58D31D009BD133 /* TodoItemConverter.swift */ = {isa = PBXFileReference; lastKnownFileType = sourcecode.swift; path = TodoItemConverter.swift; sourceTree = "<group>"; };
		0ABF768C2A58D332009BD133 /* ApiErrors.swift */ = {isa = PBXFileReference; lastKnownFileType = sourcecode.swift; path = ApiErrors.swift; sourceTree = "<group>"; };
		0ABF768E2A58D352009BD133 /* HTTPMethod.swift */ = {isa = PBXFileReference; lastKnownFileType = sourcecode.swift; path = HTTPMethod.swift; sourceTree = "<group>"; };
		0ABF76952A5F099C009BD133 /* FileCache+DbWork.swift */ = {isa = PBXFileReference; lastKnownFileType = sourcecode.swift; path = "FileCache+DbWork.swift"; sourceTree = "<group>"; };
		0AD5D2092A41FB9D000E826B /* ToDo.app */ = {isa = PBXFileReference; explicitFileType = wrapper.application; includeInIndex = 0; path = ToDo.app; sourceTree = BUILT_PRODUCTS_DIR; };
		0AD5D20C2A41FB9D000E826B /* AppDelegate.swift */ = {isa = PBXFileReference; lastKnownFileType = sourcecode.swift; path = AppDelegate.swift; sourceTree = "<group>"; };
		0AD5D20E2A41FB9D000E826B /* SceneDelegate.swift */ = {isa = PBXFileReference; lastKnownFileType = sourcecode.swift; path = SceneDelegate.swift; sourceTree = "<group>"; };
		0AD5D2102A41FB9D000E826B /* ViewController.swift */ = {isa = PBXFileReference; lastKnownFileType = sourcecode.swift; path = ViewController.swift; sourceTree = "<group>"; };
		0AD5D2152A41FB9F000E826B /* Assets.xcassets */ = {isa = PBXFileReference; lastKnownFileType = folder.assetcatalog; path = Assets.xcassets; sourceTree = "<group>"; };
		0AD5D2182A41FB9F000E826B /* Base */ = {isa = PBXFileReference; lastKnownFileType = file.storyboard; name = Base; path = Base.lproj/LaunchScreen.storyboard; sourceTree = "<group>"; };
		0AD5D21A2A41FB9F000E826B /* Info.plist */ = {isa = PBXFileReference; lastKnownFileType = text.plist.xml; path = Info.plist; sourceTree = "<group>"; };
		0AD5D21F2A41FB9F000E826B /* ToDoTests.xctest */ = {isa = PBXFileReference; explicitFileType = wrapper.cfbundle; includeInIndex = 0; path = ToDoTests.xctest; sourceTree = BUILT_PRODUCTS_DIR; };
		0AD5D2232A41FB9F000E826B /* ToDoTests.swift */ = {isa = PBXFileReference; lastKnownFileType = sourcecode.swift; path = ToDoTests.swift; sourceTree = "<group>"; };
		0AD5D2292A41FB9F000E826B /* ToDoUITests.xctest */ = {isa = PBXFileReference; explicitFileType = wrapper.cfbundle; includeInIndex = 0; path = ToDoUITests.xctest; sourceTree = BUILT_PRODUCTS_DIR; };
		0AD5D22D2A41FB9F000E826B /* ToDoUITests.swift */ = {isa = PBXFileReference; lastKnownFileType = sourcecode.swift; path = ToDoUITests.swift; sourceTree = "<group>"; };
		0AD5D22F2A41FB9F000E826B /* ToDoUITestsLaunchTests.swift */ = {isa = PBXFileReference; lastKnownFileType = sourcecode.swift; path = ToDoUITestsLaunchTests.swift; sourceTree = "<group>"; };
		0AD5D2472A41FC1B000E826B /* Objects.swift */ = {isa = PBXFileReference; fileEncoding = 4; lastKnownFileType = sourcecode.swift; path = Objects.swift; sourceTree = "<group>"; };
		0AD5D2492A41FC1B000E826B /* FileCache.swift */ = {isa = PBXFileReference; fileEncoding = 4; lastKnownFileType = sourcecode.swift; path = FileCache.swift; sourceTree = "<group>"; };
		0AD5D2502A448880000E826B /* ToDoItemViewController.swift */ = {isa = PBXFileReference; lastKnownFileType = sourcecode.swift; path = ToDoItemViewController.swift; sourceTree = "<group>"; };
		403D6E5B071A97636CAB8E56 /* Pods-ToDoTests.release.xcconfig */ = {isa = PBXFileReference; includeInIndex = 1; lastKnownFileType = text.xcconfig; name = "Pods-ToDoTests.release.xcconfig"; path = "Target Support Files/Pods-ToDoTests/Pods-ToDoTests.release.xcconfig"; sourceTree = "<group>"; };
		467E1D47FA05B4FC8301092E /* Pods-ToDo.debug.xcconfig */ = {isa = PBXFileReference; includeInIndex = 1; lastKnownFileType = text.xcconfig; name = "Pods-ToDo.debug.xcconfig"; path = "Target Support Files/Pods-ToDo/Pods-ToDo.debug.xcconfig"; sourceTree = "<group>"; };
		7733BD76122C594272217D87 /* Pods-ToDo.release.xcconfig */ = {isa = PBXFileReference; includeInIndex = 1; lastKnownFileType = text.xcconfig; name = "Pods-ToDo.release.xcconfig"; path = "Target Support Files/Pods-ToDo/Pods-ToDo.release.xcconfig"; sourceTree = "<group>"; };
		96A0BA2548E58C3C59A3F080 /* Pods-ToDoTests.debug.xcconfig */ = {isa = PBXFileReference; includeInIndex = 1; lastKnownFileType = text.xcconfig; name = "Pods-ToDoTests.debug.xcconfig"; path = "Target Support Files/Pods-ToDoTests/Pods-ToDoTests.debug.xcconfig"; sourceTree = "<group>"; };
		A17EDC449F851500013AB697 /* Pods-ToDo-ToDoUITests.release.xcconfig */ = {isa = PBXFileReference; includeInIndex = 1; lastKnownFileType = text.xcconfig; name = "Pods-ToDo-ToDoUITests.release.xcconfig"; path = "Target Support Files/Pods-ToDo-ToDoUITests/Pods-ToDo-ToDoUITests.release.xcconfig"; sourceTree = "<group>"; };
		E313B270AF273B294DDEFC25 /* Pods-ToDo-ToDoUITests.debug.xcconfig */ = {isa = PBXFileReference; includeInIndex = 1; lastKnownFileType = text.xcconfig; name = "Pods-ToDo-ToDoUITests.debug.xcconfig"; path = "Target Support Files/Pods-ToDo-ToDoUITests/Pods-ToDo-ToDoUITests.debug.xcconfig"; sourceTree = "<group>"; };
/* End PBXFileReference section */

/* Begin PBXFrameworksBuildPhase section */
		0A9490B42A66DC5D0059C573 /* Frameworks */ = {
			isa = PBXFrameworksBuildPhase;
			buildActionMask = 2147483647;
			files = (
			);
			runOnlyForDeploymentPostprocessing = 0;
		};
		0A9490C32A66DC5F0059C573 /* Frameworks */ = {
			isa = PBXFrameworksBuildPhase;
			buildActionMask = 2147483647;
			files = (
			);
			runOnlyForDeploymentPostprocessing = 0;
		};
		0A9490CD2A66DC5F0059C573 /* Frameworks */ = {
			isa = PBXFrameworksBuildPhase;
			buildActionMask = 2147483647;
			files = (
			);
			runOnlyForDeploymentPostprocessing = 0;
		};
		0AD5D2062A41FB9D000E826B /* Frameworks */ = {
			isa = PBXFrameworksBuildPhase;
			buildActionMask = 2147483647;
			files = (
				0ABF76942A5EFE9D009BD133 /* SQLite in Frameworks */,
				0ABF76672A4DF493009BD133 /* CocoaLumberjack in Frameworks */,
			);
			runOnlyForDeploymentPostprocessing = 0;
		};
		0AD5D21C2A41FB9F000E826B /* Frameworks */ = {
			isa = PBXFrameworksBuildPhase;
			buildActionMask = 2147483647;
			files = (
			);
			runOnlyForDeploymentPostprocessing = 0;
		};
		0AD5D2262A41FB9F000E826B /* Frameworks */ = {
			isa = PBXFrameworksBuildPhase;
			buildActionMask = 2147483647;
			files = (
			);
			runOnlyForDeploymentPostprocessing = 0;
		};
/* End PBXFrameworksBuildPhase section */

/* Begin PBXGroup section */
		04B9B7E456B8F30D8B726CFC /* Frameworks */ = {
			isa = PBXGroup;
			children = (
			);
			name = Frameworks;
			sourceTree = "<group>";
		};
		0A9490B82A66DC5E0059C573 /* ToDoSwiftUI */ = {
			isa = PBXGroup;
			children = (
				0A9490F02A66E3E80059C573 /* Extentions */,
				0A9490EB2A66E3DC0059C573 /* Model */,
				0A9490B92A66DC5E0059C573 /* ToDoSwiftUIApp.swift */,
				0A9490BB2A66DC5E0059C573 /* ContentView.swift */,
				0A9490BD2A66DC5F0059C573 /* Assets.xcassets */,
				0A9490BF2A66DC5F0059C573 /* Preview Content */,
			);
			path = ToDoSwiftUI;
			sourceTree = "<group>";
		};
		0A9490BF2A66DC5F0059C573 /* Preview Content */ = {
			isa = PBXGroup;
			children = (
				0A9490C02A66DC5F0059C573 /* Preview Assets.xcassets */,
			);
			path = "Preview Content";
			sourceTree = "<group>";
		};
		0A9490C92A66DC5F0059C573 /* ToDoSwiftUITests */ = {
			isa = PBXGroup;
			children = (
				0A9490CA2A66DC5F0059C573 /* ToDoSwiftUITests.swift */,
			);
			path = ToDoSwiftUITests;
			sourceTree = "<group>";
		};
		0A9490D32A66DC600059C573 /* ToDoSwiftUIUITests */ = {
			isa = PBXGroup;
			children = (
				0A9490D42A66DC600059C573 /* ToDoSwiftUIUITests.swift */,
				0A9490D62A66DC600059C573 /* ToDoSwiftUIUITestsLaunchTests.swift */,
			);
			path = ToDoSwiftUIUITests;
			sourceTree = "<group>";
		};
		0A9490EB2A66E3DC0059C573 /* Model */ = {
			isa = PBXGroup;
			children = (
				0A9490EC2A66E3DC0059C573 /* Objects.swift */,
				0A9490ED2A66E3DC0059C573 /* FileCache.swift */,
			);
			path = Model;
			sourceTree = "<group>";
		};
		0A9490F02A66E3E80059C573 /* Extentions */ = {
			isa = PBXGroup;
			children = (
				0A9490F12A66E3E80059C573 /* TodoItem+csv.swift */,
				0A9490F22A66E3E80059C573 /* TodoItem+json.swift */,
			);
			path = Extentions;
			sourceTree = "<group>";
		};
		0ABF766A2A54B27A009BD133 /* Extentions */ = {
			isa = PBXGroup;
			children = (
				0ABF766B2A54B2C2009BD133 /* URLSession+extention.swift */,
				0ABF766F2A570B37009BD133 /* TodoItem+json.swift */,
				0ABF76712A570B49009BD133 /* TodoItem+csv.swift */,
				0ABF76952A5F099C009BD133 /* FileCache+DbWork.swift */,
			);
			path = Extentions;
			sourceTree = "<group>";
		};
		0ABF76832A58D28D009BD133 /* Networking */ = {
			isa = PBXGroup;
			children = (
				0ABF76842A58D2B0009BD133 /* NetworkingService.swift */,
				0ABF76862A58D2CC009BD133 /* DefaultNetworkingService.swift */,
				0ABF76882A58D2F6009BD133 /* ServerModels.swift */,
				0ABF768A2A58D31D009BD133 /* TodoItemConverter.swift */,
				0ABF768C2A58D332009BD133 /* ApiErrors.swift */,
				0ABF768E2A58D352009BD133 /* HTTPMethod.swift */,
			);
			path = Networking;
			sourceTree = "<group>";
		};
		0AD5D2002A41FB9D000E826B = {
			isa = PBXGroup;
			children = (
				0AD5D20B2A41FB9D000E826B /* ToDo */,
				0AD5D2222A41FB9F000E826B /* ToDoTests */,
				0AD5D22C2A41FB9F000E826B /* ToDoUITests */,
				0A9490B82A66DC5E0059C573 /* ToDoSwiftUI */,
				0A9490C92A66DC5F0059C573 /* ToDoSwiftUITests */,
				0A9490D32A66DC600059C573 /* ToDoSwiftUIUITests */,
				0AD5D20A2A41FB9D000E826B /* Products */,
				FEDA35CB3A4D5CBF503AFAD2 /* Pods */,
				04B9B7E456B8F30D8B726CFC /* Frameworks */,
			);
			sourceTree = "<group>";
		};
		0AD5D20A2A41FB9D000E826B /* Products */ = {
			isa = PBXGroup;
			children = (
				0AD5D2092A41FB9D000E826B /* ToDo.app */,
				0AD5D21F2A41FB9F000E826B /* ToDoTests.xctest */,
				0AD5D2292A41FB9F000E826B /* ToDoUITests.xctest */,
				0A9490B72A66DC5E0059C573 /* ToDoSwiftUI.app */,
				0A9490C62A66DC5F0059C573 /* ToDoSwiftUITests.xctest */,
				0A9490D02A66DC5F0059C573 /* ToDoSwiftUIUITests.xctest */,
			);
			name = Products;
			sourceTree = "<group>";
		};
		0AD5D20B2A41FB9D000E826B /* ToDo */ = {
			isa = PBXGroup;
			children = (
				0ABF76832A58D28D009BD133 /* Networking */,
				0ABF766A2A54B27A009BD133 /* Extentions */,
				0AD5D25D2A4AD834000E826B /* ViewControllers */,
				0AD5D25C2A4AD7F8000E826B /* Resources */,
				0AD5D2462A41FC1B000E826B /* Model */,
				0AD5D20C2A41FB9D000E826B /* AppDelegate.swift */,
				0AD5D20E2A41FB9D000E826B /* SceneDelegate.swift */,
				0AD5D21A2A41FB9F000E826B /* Info.plist */,
			);
			path = ToDo;
			sourceTree = "<group>";
		};
		0AD5D2222A41FB9F000E826B /* ToDoTests */ = {
			isa = PBXGroup;
			children = (
				0AD5D2232A41FB9F000E826B /* ToDoTests.swift */,
			);
			path = ToDoTests;
			sourceTree = "<group>";
		};
		0AD5D22C2A41FB9F000E826B /* ToDoUITests */ = {
			isa = PBXGroup;
			children = (
				0AD5D22D2A41FB9F000E826B /* ToDoUITests.swift */,
				0AD5D22F2A41FB9F000E826B /* ToDoUITestsLaunchTests.swift */,
			);
			path = ToDoUITests;
			sourceTree = "<group>";
		};
		0AD5D2462A41FC1B000E826B /* Model */ = {
			isa = PBXGroup;
			children = (
				0AD5D2472A41FC1B000E826B /* Objects.swift */,
				0AD5D2492A41FC1B000E826B /* FileCache.swift */,
			);
			path = Model;
			sourceTree = "<group>";
		};
		0AD5D25C2A4AD7F8000E826B /* Resources */ = {
			isa = PBXGroup;
			children = (
				0AD5D2172A41FB9F000E826B /* LaunchScreen.storyboard */,
				0AD5D2152A41FB9F000E826B /* Assets.xcassets */,
			);
			path = Resources;
			sourceTree = "<group>";
		};
		0AD5D25D2A4AD834000E826B /* ViewControllers */ = {
			isa = PBXGroup;
			children = (
				0AD5D2102A41FB9D000E826B /* ViewController.swift */,
				0AD5D2502A448880000E826B /* ToDoItemViewController.swift */,
				0ABF76682A4F2CF6009BD133 /* TableCell.swift */,
			);
			path = ViewControllers;
			sourceTree = "<group>";
		};
		FEDA35CB3A4D5CBF503AFAD2 /* Pods */ = {
			isa = PBXGroup;
			children = (
				467E1D47FA05B4FC8301092E /* Pods-ToDo.debug.xcconfig */,
				7733BD76122C594272217D87 /* Pods-ToDo.release.xcconfig */,
				E313B270AF273B294DDEFC25 /* Pods-ToDo-ToDoUITests.debug.xcconfig */,
				A17EDC449F851500013AB697 /* Pods-ToDo-ToDoUITests.release.xcconfig */,
				96A0BA2548E58C3C59A3F080 /* Pods-ToDoTests.debug.xcconfig */,
				403D6E5B071A97636CAB8E56 /* Pods-ToDoTests.release.xcconfig */,
			);
			path = Pods;
			sourceTree = "<group>";
		};
/* End PBXGroup section */

/* Begin PBXNativeTarget section */
		0A9490B62A66DC5D0059C573 /* ToDoSwiftUI */ = {
			isa = PBXNativeTarget;
			buildConfigurationList = 0A9490D82A66DC600059C573 /* Build configuration list for PBXNativeTarget "ToDoSwiftUI" */;
			buildPhases = (
				0A9490B32A66DC5D0059C573 /* Sources */,
				0A9490B42A66DC5D0059C573 /* Frameworks */,
				0A9490B52A66DC5D0059C573 /* Resources */,
			);
			buildRules = (
			);
			dependencies = (
			);
			name = ToDoSwiftUI;
			productName = ToDoSwiftUI;
			productReference = 0A9490B72A66DC5E0059C573 /* ToDoSwiftUI.app */;
			productType = "com.apple.product-type.application";
		};
		0A9490C52A66DC5F0059C573 /* ToDoSwiftUITests */ = {
			isa = PBXNativeTarget;
			buildConfigurationList = 0A9490DB2A66DC600059C573 /* Build configuration list for PBXNativeTarget "ToDoSwiftUITests" */;
			buildPhases = (
				0A9490C22A66DC5F0059C573 /* Sources */,
				0A9490C32A66DC5F0059C573 /* Frameworks */,
				0A9490C42A66DC5F0059C573 /* Resources */,
			);
			buildRules = (
			);
			dependencies = (
				0A9490C82A66DC5F0059C573 /* PBXTargetDependency */,
			);
			name = ToDoSwiftUITests;
			productName = ToDoSwiftUITests;
			productReference = 0A9490C62A66DC5F0059C573 /* ToDoSwiftUITests.xctest */;
			productType = "com.apple.product-type.bundle.unit-test";
		};
		0A9490CF2A66DC5F0059C573 /* ToDoSwiftUIUITests */ = {
			isa = PBXNativeTarget;
			buildConfigurationList = 0A9490DE2A66DC600059C573 /* Build configuration list for PBXNativeTarget "ToDoSwiftUIUITests" */;
			buildPhases = (
				0A9490CC2A66DC5F0059C573 /* Sources */,
				0A9490CD2A66DC5F0059C573 /* Frameworks */,
				0A9490CE2A66DC5F0059C573 /* Resources */,
			);
			buildRules = (
			);
			dependencies = (
				0A9490D22A66DC5F0059C573 /* PBXTargetDependency */,
			);
			name = ToDoSwiftUIUITests;
			productName = ToDoSwiftUIUITests;
			productReference = 0A9490D02A66DC5F0059C573 /* ToDoSwiftUIUITests.xctest */;
			productType = "com.apple.product-type.bundle.ui-testing";
		};
		0AD5D2082A41FB9D000E826B /* ToDo */ = {
			isa = PBXNativeTarget;
			buildConfigurationList = 0AD5D2332A41FB9F000E826B /* Build configuration list for PBXNativeTarget "ToDo" */;
			buildPhases = (
				118CDBEE9B014AA94E4066EA /* [CP] Check Pods Manifest.lock */,
				0AD5D2052A41FB9D000E826B /* Sources */,
				0AD5D2062A41FB9D000E826B /* Frameworks */,
				0AD5D2072A41FB9D000E826B /* Resources */,
			);
			buildRules = (
			);
			dependencies = (
			);
			name = ToDo;
			packageProductDependencies = (
				0ABF76662A4DF493009BD133 /* CocoaLumberjack */,
				0ABF76932A5EFE9D009BD133 /* SQLite */,
			);
			productName = ToDo;
			productReference = 0AD5D2092A41FB9D000E826B /* ToDo.app */;
			productType = "com.apple.product-type.application";
		};
		0AD5D21E2A41FB9F000E826B /* ToDoTests */ = {
			isa = PBXNativeTarget;
			buildConfigurationList = 0AD5D2362A41FB9F000E826B /* Build configuration list for PBXNativeTarget "ToDoTests" */;
			buildPhases = (
				DAE252C4D2AB165C16CB0188 /* [CP] Check Pods Manifest.lock */,
				0AD5D21B2A41FB9F000E826B /* Sources */,
				0AD5D21C2A41FB9F000E826B /* Frameworks */,
				0AD5D21D2A41FB9F000E826B /* Resources */,
			);
			buildRules = (
			);
			dependencies = (
				0AD5D2212A41FB9F000E826B /* PBXTargetDependency */,
			);
			name = ToDoTests;
			productName = ToDoTests;
			productReference = 0AD5D21F2A41FB9F000E826B /* ToDoTests.xctest */;
			productType = "com.apple.product-type.bundle.unit-test";
		};
		0AD5D2282A41FB9F000E826B /* ToDoUITests */ = {
			isa = PBXNativeTarget;
			buildConfigurationList = 0AD5D2392A41FB9F000E826B /* Build configuration list for PBXNativeTarget "ToDoUITests" */;
			buildPhases = (
				97C25E1933870580A2B6D959 /* [CP] Check Pods Manifest.lock */,
				0AD5D2252A41FB9F000E826B /* Sources */,
				0AD5D2262A41FB9F000E826B /* Frameworks */,
				0AD5D2272A41FB9F000E826B /* Resources */,
			);
			buildRules = (
			);
			dependencies = (
				0AD5D22B2A41FB9F000E826B /* PBXTargetDependency */,
			);
			name = ToDoUITests;
			productName = ToDoUITests;
			productReference = 0AD5D2292A41FB9F000E826B /* ToDoUITests.xctest */;
			productType = "com.apple.product-type.bundle.ui-testing";
		};
/* End PBXNativeTarget section */

/* Begin PBXProject section */
		0AD5D2012A41FB9D000E826B /* Project object */ = {
			isa = PBXProject;
			attributes = {
				BuildIndependentTargetsInParallel = 1;
				KnownAssetTags = (
					New,
				);
				LastSwiftUpdateCheck = 1420;
				LastUpgradeCheck = 1420;
				TargetAttributes = {
					0A9490B62A66DC5D0059C573 = {
						CreatedOnToolsVersion = 14.2;
					};
					0A9490C52A66DC5F0059C573 = {
						CreatedOnToolsVersion = 14.2;
						TestTargetID = 0A9490B62A66DC5D0059C573;
					};
					0A9490CF2A66DC5F0059C573 = {
						CreatedOnToolsVersion = 14.2;
						TestTargetID = 0A9490B62A66DC5D0059C573;
					};
					0AD5D2082A41FB9D000E826B = {
						CreatedOnToolsVersion = 14.2;
					};
					0AD5D21E2A41FB9F000E826B = {
						CreatedOnToolsVersion = 14.2;
						TestTargetID = 0AD5D2082A41FB9D000E826B;
					};
					0AD5D2282A41FB9F000E826B = {
						CreatedOnToolsVersion = 14.2;
						TestTargetID = 0AD5D2082A41FB9D000E826B;
					};
				};
			};
			buildConfigurationList = 0AD5D2042A41FB9D000E826B /* Build configuration list for PBXProject "ToDo" */;
			compatibilityVersion = "Xcode 14.0";
			developmentRegion = en;
			hasScannedForEncodings = 0;
			knownRegions = (
				en,
				Base,
			);
			mainGroup = 0AD5D2002A41FB9D000E826B;
			packageReferences = (
				0ABF76652A4DF493009BD133 /* XCRemoteSwiftPackageReference "CocoaLumberjack" */,
				0ABF76922A5EFE9D009BD133 /* XCRemoteSwiftPackageReference "SQLite.swift" */,
			);
			productRefGroup = 0AD5D20A2A41FB9D000E826B /* Products */;
			projectDirPath = "";
			projectRoot = "";
			targets = (
				0AD5D2082A41FB9D000E826B /* ToDo */,
				0AD5D21E2A41FB9F000E826B /* ToDoTests */,
				0AD5D2282A41FB9F000E826B /* ToDoUITests */,
				0A9490B62A66DC5D0059C573 /* ToDoSwiftUI */,
				0A9490C52A66DC5F0059C573 /* ToDoSwiftUITests */,
				0A9490CF2A66DC5F0059C573 /* ToDoSwiftUIUITests */,
			);
		};
/* End PBXProject section */

/* Begin PBXResourcesBuildPhase section */
		0A9490B52A66DC5D0059C573 /* Resources */ = {
			isa = PBXResourcesBuildPhase;
			buildActionMask = 2147483647;
			files = (
				0A9490C12A66DC5F0059C573 /* Preview Assets.xcassets in Resources */,
				0A9490BE2A66DC5F0059C573 /* Assets.xcassets in Resources */,
			);
			runOnlyForDeploymentPostprocessing = 0;
		};
		0A9490C42A66DC5F0059C573 /* Resources */ = {
			isa = PBXResourcesBuildPhase;
			buildActionMask = 2147483647;
			files = (
			);
			runOnlyForDeploymentPostprocessing = 0;
		};
		0A9490CE2A66DC5F0059C573 /* Resources */ = {
			isa = PBXResourcesBuildPhase;
			buildActionMask = 2147483647;
			files = (
			);
			runOnlyForDeploymentPostprocessing = 0;
		};
		0AD5D2072A41FB9D000E826B /* Resources */ = {
			isa = PBXResourcesBuildPhase;
			buildActionMask = 2147483647;
			files = (
				0AD5D2192A41FB9F000E826B /* LaunchScreen.storyboard in Resources */,
				0AD5D2162A41FB9F000E826B /* Assets.xcassets in Resources */,
			);
			runOnlyForDeploymentPostprocessing = 0;
		};
		0AD5D21D2A41FB9F000E826B /* Resources */ = {
			isa = PBXResourcesBuildPhase;
			buildActionMask = 2147483647;
			files = (
			);
			runOnlyForDeploymentPostprocessing = 0;
		};
		0AD5D2272A41FB9F000E826B /* Resources */ = {
			isa = PBXResourcesBuildPhase;
			buildActionMask = 2147483647;
			files = (
			);
			runOnlyForDeploymentPostprocessing = 0;
		};
/* End PBXResourcesBuildPhase section */

/* Begin PBXShellScriptBuildPhase section */
		118CDBEE9B014AA94E4066EA /* [CP] Check Pods Manifest.lock */ = {
			isa = PBXShellScriptBuildPhase;
			buildActionMask = 2147483647;
			files = (
			);
			inputFileListPaths = (
			);
			inputPaths = (
				"${PODS_PODFILE_DIR_PATH}/Podfile.lock",
				"${PODS_ROOT}/Manifest.lock",
			);
			name = "[CP] Check Pods Manifest.lock";
			outputFileListPaths = (
			);
			outputPaths = (
				"$(DERIVED_FILE_DIR)/Pods-ToDo-checkManifestLockResult.txt",
			);
			runOnlyForDeploymentPostprocessing = 0;
			shellPath = /bin/sh;
			shellScript = "diff \"${PODS_PODFILE_DIR_PATH}/Podfile.lock\" \"${PODS_ROOT}/Manifest.lock\" > /dev/null\nif [ $? != 0 ] ; then\n    # print error to STDERR\n    echo \"error: The sandbox is not in sync with the Podfile.lock. Run 'pod install' or update your CocoaPods installation.\" >&2\n    exit 1\nfi\n# This output is used by Xcode 'outputs' to avoid re-running this script phase.\necho \"SUCCESS\" > \"${SCRIPT_OUTPUT_FILE_0}\"\n";
			showEnvVarsInLog = 0;
		};
		97C25E1933870580A2B6D959 /* [CP] Check Pods Manifest.lock */ = {
			isa = PBXShellScriptBuildPhase;
			buildActionMask = 2147483647;
			files = (
			);
			inputFileListPaths = (
			);
			inputPaths = (
				"${PODS_PODFILE_DIR_PATH}/Podfile.lock",
				"${PODS_ROOT}/Manifest.lock",
			);
			name = "[CP] Check Pods Manifest.lock";
			outputFileListPaths = (
			);
			outputPaths = (
				"$(DERIVED_FILE_DIR)/Pods-ToDo-ToDoUITests-checkManifestLockResult.txt",
			);
			runOnlyForDeploymentPostprocessing = 0;
			shellPath = /bin/sh;
			shellScript = "diff \"${PODS_PODFILE_DIR_PATH}/Podfile.lock\" \"${PODS_ROOT}/Manifest.lock\" > /dev/null\nif [ $? != 0 ] ; then\n    # print error to STDERR\n    echo \"error: The sandbox is not in sync with the Podfile.lock. Run 'pod install' or update your CocoaPods installation.\" >&2\n    exit 1\nfi\n# This output is used by Xcode 'outputs' to avoid re-running this script phase.\necho \"SUCCESS\" > \"${SCRIPT_OUTPUT_FILE_0}\"\n";
			showEnvVarsInLog = 0;
		};
		DAE252C4D2AB165C16CB0188 /* [CP] Check Pods Manifest.lock */ = {
			isa = PBXShellScriptBuildPhase;
			buildActionMask = 2147483647;
			files = (
			);
			inputFileListPaths = (
			);
			inputPaths = (
				"${PODS_PODFILE_DIR_PATH}/Podfile.lock",
				"${PODS_ROOT}/Manifest.lock",
			);
			name = "[CP] Check Pods Manifest.lock";
			outputFileListPaths = (
			);
			outputPaths = (
				"$(DERIVED_FILE_DIR)/Pods-ToDoTests-checkManifestLockResult.txt",
			);
			runOnlyForDeploymentPostprocessing = 0;
			shellPath = /bin/sh;
			shellScript = "diff \"${PODS_PODFILE_DIR_PATH}/Podfile.lock\" \"${PODS_ROOT}/Manifest.lock\" > /dev/null\nif [ $? != 0 ] ; then\n    # print error to STDERR\n    echo \"error: The sandbox is not in sync with the Podfile.lock. Run 'pod install' or update your CocoaPods installation.\" >&2\n    exit 1\nfi\n# This output is used by Xcode 'outputs' to avoid re-running this script phase.\necho \"SUCCESS\" > \"${SCRIPT_OUTPUT_FILE_0}\"\n";
			showEnvVarsInLog = 0;
		};
/* End PBXShellScriptBuildPhase section */

/* Begin PBXSourcesBuildPhase section */
		0A9490B32A66DC5D0059C573 /* Sources */ = {
			isa = PBXSourcesBuildPhase;
			buildActionMask = 2147483647;
			files = (
				0A9490BC2A66DC5E0059C573 /* ContentView.swift in Sources */,
				0A9490EE2A66E3DC0059C573 /* Objects.swift in Sources */,
				0A9490FA2A66E3E80059C573 /* TodoItem+json.swift in Sources */,
				0A9490F92A66E3E80059C573 /* TodoItem+csv.swift in Sources */,
				0A9490EF2A66E3DC0059C573 /* FileCache.swift in Sources */,
				0A9490BA2A66DC5E0059C573 /* ToDoSwiftUIApp.swift in Sources */,
			);
			runOnlyForDeploymentPostprocessing = 0;
		};
		0A9490C22A66DC5F0059C573 /* Sources */ = {
			isa = PBXSourcesBuildPhase;
			buildActionMask = 2147483647;
			files = (
				0A9490CB2A66DC5F0059C573 /* ToDoSwiftUITests.swift in Sources */,
			);
			runOnlyForDeploymentPostprocessing = 0;
		};
		0A9490CC2A66DC5F0059C573 /* Sources */ = {
			isa = PBXSourcesBuildPhase;
			buildActionMask = 2147483647;
			files = (
				0A9490D72A66DC600059C573 /* ToDoSwiftUIUITestsLaunchTests.swift in Sources */,
				0A9490D52A66DC600059C573 /* ToDoSwiftUIUITests.swift in Sources */,
			);
			runOnlyForDeploymentPostprocessing = 0;
		};
		0AD5D2052A41FB9D000E826B /* Sources */ = {
			isa = PBXSourcesBuildPhase;
			buildActionMask = 2147483647;
			files = (
				0AD5D2512A448880000E826B /* ToDoItemViewController.swift in Sources */,
				0ABF768D2A58D332009BD133 /* ApiErrors.swift in Sources */,
				0ABF768F2A58D352009BD133 /* HTTPMethod.swift in Sources */,
				0ABF766C2A54B2C2009BD133 /* URLSession+extention.swift in Sources */,
				0ABF76692A4F2CF6009BD133 /* TableCell.swift in Sources */,
				0AD5D2112A41FB9D000E826B /* ViewController.swift in Sources */,
				0AD5D20D2A41FB9D000E826B /* AppDelegate.swift in Sources */,
				0AD5D24A2A41FC1B000E826B /* Objects.swift in Sources */,
				0ABF76722A570B49009BD133 /* TodoItem+csv.swift in Sources */,
				0ABF76962A5F099C009BD133 /* FileCache+DbWork.swift in Sources */,
				0AD5D24E2A41FC1B000E826B /* FileCache.swift in Sources */,
				0ABF76702A570B37009BD133 /* TodoItem+json.swift in Sources */,
				0ABF76852A58D2B0009BD133 /* NetworkingService.swift in Sources */,
				0ABF76872A58D2CD009BD133 /* DefaultNetworkingService.swift in Sources */,
				0AD5D20F2A41FB9D000E826B /* SceneDelegate.swift in Sources */,
				0ABF76892A58D2F6009BD133 /* ServerModels.swift in Sources */,
				0ABF768B2A58D31D009BD133 /* TodoItemConverter.swift in Sources */,
			);
			runOnlyForDeploymentPostprocessing = 0;
		};
		0AD5D21B2A41FB9F000E826B /* Sources */ = {
			isa = PBXSourcesBuildPhase;
			buildActionMask = 2147483647;
			files = (
				0AD5D24B2A41FC1B000E826B /* Objects.swift in Sources */,
				0AD5D24F2A41FC1B000E826B /* FileCache.swift in Sources */,
				0AD5D2242A41FB9F000E826B /* ToDoTests.swift in Sources */,
			);
			runOnlyForDeploymentPostprocessing = 0;
		};
		0AD5D2252A41FB9F000E826B /* Sources */ = {
			isa = PBXSourcesBuildPhase;
			buildActionMask = 2147483647;
			files = (
				0AD5D2302A41FB9F000E826B /* ToDoUITestsLaunchTests.swift in Sources */,
				0AD5D22E2A41FB9F000E826B /* ToDoUITests.swift in Sources */,
			);
			runOnlyForDeploymentPostprocessing = 0;
		};
/* End PBXSourcesBuildPhase section */

/* Begin PBXTargetDependency section */
		0A9490C82A66DC5F0059C573 /* PBXTargetDependency */ = {
			isa = PBXTargetDependency;
			target = 0A9490B62A66DC5D0059C573 /* ToDoSwiftUI */;
			targetProxy = 0A9490C72A66DC5F0059C573 /* PBXContainerItemProxy */;
		};
		0A9490D22A66DC5F0059C573 /* PBXTargetDependency */ = {
			isa = PBXTargetDependency;
			target = 0A9490B62A66DC5D0059C573 /* ToDoSwiftUI */;
			targetProxy = 0A9490D12A66DC5F0059C573 /* PBXContainerItemProxy */;
		};
		0AD5D2212A41FB9F000E826B /* PBXTargetDependency */ = {
			isa = PBXTargetDependency;
			target = 0AD5D2082A41FB9D000E826B /* ToDo */;
			targetProxy = 0AD5D2202A41FB9F000E826B /* PBXContainerItemProxy */;
		};
		0AD5D22B2A41FB9F000E826B /* PBXTargetDependency */ = {
			isa = PBXTargetDependency;
			target = 0AD5D2082A41FB9D000E826B /* ToDo */;
			targetProxy = 0AD5D22A2A41FB9F000E826B /* PBXContainerItemProxy */;
		};
/* End PBXTargetDependency section */

/* Begin PBXVariantGroup section */
		0AD5D2172A41FB9F000E826B /* LaunchScreen.storyboard */ = {
			isa = PBXVariantGroup;
			children = (
				0AD5D2182A41FB9F000E826B /* Base */,
			);
			name = LaunchScreen.storyboard;
			sourceTree = "<group>";
		};
/* End PBXVariantGroup section */

/* Begin XCBuildConfiguration section */
		0A9490D92A66DC600059C573 /* Debug */ = {
			isa = XCBuildConfiguration;
			buildSettings = {
				ASSETCATALOG_COMPILER_APPICON_NAME = AppIcon;
				ASSETCATALOG_COMPILER_GLOBAL_ACCENT_COLOR_NAME = AccentColor;
				CODE_SIGN_STYLE = Automatic;
				CURRENT_PROJECT_VERSION = 1;
				DEVELOPMENT_ASSET_PATHS = "\"ToDoSwiftUI/Preview Content\"";
				ENABLE_PREVIEWS = YES;
				GENERATE_INFOPLIST_FILE = YES;
				INFOPLIST_KEY_UIApplicationSceneManifest_Generation = YES;
				INFOPLIST_KEY_UIApplicationSupportsIndirectInputEvents = YES;
				INFOPLIST_KEY_UILaunchScreen_Generation = YES;
				INFOPLIST_KEY_UISupportedInterfaceOrientations_iPad = "UIInterfaceOrientationPortrait UIInterfaceOrientationPortraitUpsideDown UIInterfaceOrientationLandscapeLeft UIInterfaceOrientationLandscapeRight";
				INFOPLIST_KEY_UISupportedInterfaceOrientations_iPhone = "UIInterfaceOrientationPortrait UIInterfaceOrientationLandscapeLeft UIInterfaceOrientationLandscapeRight";
				LD_RUNPATH_SEARCH_PATHS = (
					"$(inherited)",
					"@executable_path/Frameworks",
				);
				MARKETING_VERSION = 1.0;
				PRODUCT_BUNDLE_IDENTIFIER = "-.ToDoSwiftUI";
				PRODUCT_NAME = "$(TARGET_NAME)";
				SWIFT_EMIT_LOC_STRINGS = YES;
				SWIFT_VERSION = 5.0;
				TARGETED_DEVICE_FAMILY = "1,2";
			};
			name = Debug;
		};
		0A9490DA2A66DC600059C573 /* Release */ = {
			isa = XCBuildConfiguration;
			buildSettings = {
				ASSETCATALOG_COMPILER_APPICON_NAME = AppIcon;
				ASSETCATALOG_COMPILER_GLOBAL_ACCENT_COLOR_NAME = AccentColor;
				CODE_SIGN_STYLE = Automatic;
				CURRENT_PROJECT_VERSION = 1;
				DEVELOPMENT_ASSET_PATHS = "\"ToDoSwiftUI/Preview Content\"";
				ENABLE_PREVIEWS = YES;
				GENERATE_INFOPLIST_FILE = YES;
				INFOPLIST_KEY_UIApplicationSceneManifest_Generation = YES;
				INFOPLIST_KEY_UIApplicationSupportsIndirectInputEvents = YES;
				INFOPLIST_KEY_UILaunchScreen_Generation = YES;
				INFOPLIST_KEY_UISupportedInterfaceOrientations_iPad = "UIInterfaceOrientationPortrait UIInterfaceOrientationPortraitUpsideDown UIInterfaceOrientationLandscapeLeft UIInterfaceOrientationLandscapeRight";
				INFOPLIST_KEY_UISupportedInterfaceOrientations_iPhone = "UIInterfaceOrientationPortrait UIInterfaceOrientationLandscapeLeft UIInterfaceOrientationLandscapeRight";
				LD_RUNPATH_SEARCH_PATHS = (
					"$(inherited)",
					"@executable_path/Frameworks",
				);
				MARKETING_VERSION = 1.0;
				PRODUCT_BUNDLE_IDENTIFIER = "-.ToDoSwiftUI";
				PRODUCT_NAME = "$(TARGET_NAME)";
				SWIFT_EMIT_LOC_STRINGS = YES;
				SWIFT_VERSION = 5.0;
				TARGETED_DEVICE_FAMILY = "1,2";
			};
			name = Release;
		};
		0A9490DC2A66DC600059C573 /* Debug */ = {
			isa = XCBuildConfiguration;
			buildSettings = {
				ALWAYS_EMBED_SWIFT_STANDARD_LIBRARIES = YES;
				BUNDLE_LOADER = "$(TEST_HOST)";
				CODE_SIGN_STYLE = Automatic;
				CURRENT_PROJECT_VERSION = 1;
				GENERATE_INFOPLIST_FILE = YES;
				IPHONEOS_DEPLOYMENT_TARGET = 16.2;
				MARKETING_VERSION = 1.0;
				PRODUCT_BUNDLE_IDENTIFIER = "-.ToDoSwiftUITests";
				PRODUCT_NAME = "$(TARGET_NAME)";
				SWIFT_EMIT_LOC_STRINGS = NO;
				SWIFT_VERSION = 5.0;
				TARGETED_DEVICE_FAMILY = "1,2";
				TEST_HOST = "$(BUILT_PRODUCTS_DIR)/ToDoSwiftUI.app/$(BUNDLE_EXECUTABLE_FOLDER_PATH)/ToDoSwiftUI";
			};
			name = Debug;
		};
		0A9490DD2A66DC600059C573 /* Release */ = {
			isa = XCBuildConfiguration;
			buildSettings = {
				ALWAYS_EMBED_SWIFT_STANDARD_LIBRARIES = YES;
				BUNDLE_LOADER = "$(TEST_HOST)";
				CODE_SIGN_STYLE = Automatic;
				CURRENT_PROJECT_VERSION = 1;
				GENERATE_INFOPLIST_FILE = YES;
				IPHONEOS_DEPLOYMENT_TARGET = 16.2;
				MARKETING_VERSION = 1.0;
				PRODUCT_BUNDLE_IDENTIFIER = "-.ToDoSwiftUITests";
				PRODUCT_NAME = "$(TARGET_NAME)";
				SWIFT_EMIT_LOC_STRINGS = NO;
				SWIFT_VERSION = 5.0;
				TARGETED_DEVICE_FAMILY = "1,2";
				TEST_HOST = "$(BUILT_PRODUCTS_DIR)/ToDoSwiftUI.app/$(BUNDLE_EXECUTABLE_FOLDER_PATH)/ToDoSwiftUI";
			};
			name = Release;
		};
		0A9490DF2A66DC600059C573 /* Debug */ = {
			isa = XCBuildConfiguration;
			buildSettings = {
				ALWAYS_EMBED_SWIFT_STANDARD_LIBRARIES = YES;
				CODE_SIGN_STYLE = Automatic;
				CURRENT_PROJECT_VERSION = 1;
				GENERATE_INFOPLIST_FILE = YES;
				MARKETING_VERSION = 1.0;
				PRODUCT_BUNDLE_IDENTIFIER = "-.ToDoSwiftUIUITests";
				PRODUCT_NAME = "$(TARGET_NAME)";
				SWIFT_EMIT_LOC_STRINGS = NO;
				SWIFT_VERSION = 5.0;
				TARGETED_DEVICE_FAMILY = "1,2";
				TEST_TARGET_NAME = ToDoSwiftUI;
			};
			name = Debug;
		};
		0A9490E02A66DC600059C573 /* Release */ = {
			isa = XCBuildConfiguration;
			buildSettings = {
				ALWAYS_EMBED_SWIFT_STANDARD_LIBRARIES = YES;
				CODE_SIGN_STYLE = Automatic;
				CURRENT_PROJECT_VERSION = 1;
				GENERATE_INFOPLIST_FILE = YES;
				MARKETING_VERSION = 1.0;
				PRODUCT_BUNDLE_IDENTIFIER = "-.ToDoSwiftUIUITests";
				PRODUCT_NAME = "$(TARGET_NAME)";
				SWIFT_EMIT_LOC_STRINGS = NO;
				SWIFT_VERSION = 5.0;
				TARGETED_DEVICE_FAMILY = "1,2";
				TEST_TARGET_NAME = ToDoSwiftUI;
			};
			name = Release;
		};
		0AD5D2312A41FB9F000E826B /* Debug */ = {
			isa = XCBuildConfiguration;
			buildSettings = {
				ALWAYS_SEARCH_USER_PATHS = NO;
				CLANG_ANALYZER_NONNULL = YES;
				CLANG_ANALYZER_NUMBER_OBJECT_CONVERSION = YES_AGGRESSIVE;
				CLANG_CXX_LANGUAGE_STANDARD = "gnu++20";
				CLANG_ENABLE_MODULES = YES;
				CLANG_ENABLE_OBJC_ARC = YES;
				CLANG_ENABLE_OBJC_WEAK = YES;
				CLANG_WARN_BLOCK_CAPTURE_AUTORELEASING = YES;
				CLANG_WARN_BOOL_CONVERSION = YES;
				CLANG_WARN_COMMA = YES;
				CLANG_WARN_CONSTANT_CONVERSION = YES;
				CLANG_WARN_DEPRECATED_OBJC_IMPLEMENTATIONS = YES;
				CLANG_WARN_DIRECT_OBJC_ISA_USAGE = YES_ERROR;
				CLANG_WARN_DOCUMENTATION_COMMENTS = YES;
				CLANG_WARN_EMPTY_BODY = YES;
				CLANG_WARN_ENUM_CONVERSION = YES;
				CLANG_WARN_INFINITE_RECURSION = YES;
				CLANG_WARN_INT_CONVERSION = YES;
				CLANG_WARN_NON_LITERAL_NULL_CONVERSION = YES;
				CLANG_WARN_OBJC_IMPLICIT_RETAIN_SELF = YES;
				CLANG_WARN_OBJC_LITERAL_CONVERSION = YES;
				CLANG_WARN_OBJC_ROOT_CLASS = YES_ERROR;
				CLANG_WARN_QUOTED_INCLUDE_IN_FRAMEWORK_HEADER = YES;
				CLANG_WARN_RANGE_LOOP_ANALYSIS = YES;
				CLANG_WARN_STRICT_PROTOTYPES = YES;
				CLANG_WARN_SUSPICIOUS_MOVE = YES;
				CLANG_WARN_UNGUARDED_AVAILABILITY = YES_AGGRESSIVE;
				CLANG_WARN_UNREACHABLE_CODE = YES;
				CLANG_WARN__DUPLICATE_METHOD_MATCH = YES;
				COPY_PHASE_STRIP = NO;
				DEBUG_INFORMATION_FORMAT = dwarf;
				ENABLE_STRICT_OBJC_MSGSEND = YES;
				ENABLE_TESTABILITY = YES;
				GCC_C_LANGUAGE_STANDARD = gnu11;
				GCC_DYNAMIC_NO_PIC = NO;
				GCC_NO_COMMON_BLOCKS = YES;
				GCC_OPTIMIZATION_LEVEL = 0;
				GCC_PREPROCESSOR_DEFINITIONS = (
					"DEBUG=1",
					"$(inherited)",
				);
				GCC_WARN_64_TO_32_BIT_CONVERSION = YES;
				GCC_WARN_ABOUT_RETURN_TYPE = YES_ERROR;
				GCC_WARN_UNDECLARED_SELECTOR = YES;
				GCC_WARN_UNINITIALIZED_AUTOS = YES_AGGRESSIVE;
				GCC_WARN_UNUSED_FUNCTION = YES;
				GCC_WARN_UNUSED_VARIABLE = YES;
				IPHONEOS_DEPLOYMENT_TARGET = 16.2;
				MTL_ENABLE_DEBUG_INFO = INCLUDE_SOURCE;
				MTL_FAST_MATH = YES;
				ONLY_ACTIVE_ARCH = YES;
				SDKROOT = iphoneos;
				SWIFT_ACTIVE_COMPILATION_CONDITIONS = DEBUG;
				SWIFT_OPTIMIZATION_LEVEL = "-Onone";
			};
			name = Debug;
		};
		0AD5D2322A41FB9F000E826B /* Release */ = {
			isa = XCBuildConfiguration;
			buildSettings = {
				ALWAYS_SEARCH_USER_PATHS = NO;
				CLANG_ANALYZER_NONNULL = YES;
				CLANG_ANALYZER_NUMBER_OBJECT_CONVERSION = YES_AGGRESSIVE;
				CLANG_CXX_LANGUAGE_STANDARD = "gnu++20";
				CLANG_ENABLE_MODULES = YES;
				CLANG_ENABLE_OBJC_ARC = YES;
				CLANG_ENABLE_OBJC_WEAK = YES;
				CLANG_WARN_BLOCK_CAPTURE_AUTORELEASING = YES;
				CLANG_WARN_BOOL_CONVERSION = YES;
				CLANG_WARN_COMMA = YES;
				CLANG_WARN_CONSTANT_CONVERSION = YES;
				CLANG_WARN_DEPRECATED_OBJC_IMPLEMENTATIONS = YES;
				CLANG_WARN_DIRECT_OBJC_ISA_USAGE = YES_ERROR;
				CLANG_WARN_DOCUMENTATION_COMMENTS = YES;
				CLANG_WARN_EMPTY_BODY = YES;
				CLANG_WARN_ENUM_CONVERSION = YES;
				CLANG_WARN_INFINITE_RECURSION = YES;
				CLANG_WARN_INT_CONVERSION = YES;
				CLANG_WARN_NON_LITERAL_NULL_CONVERSION = YES;
				CLANG_WARN_OBJC_IMPLICIT_RETAIN_SELF = YES;
				CLANG_WARN_OBJC_LITERAL_CONVERSION = YES;
				CLANG_WARN_OBJC_ROOT_CLASS = YES_ERROR;
				CLANG_WARN_QUOTED_INCLUDE_IN_FRAMEWORK_HEADER = YES;
				CLANG_WARN_RANGE_LOOP_ANALYSIS = YES;
				CLANG_WARN_STRICT_PROTOTYPES = YES;
				CLANG_WARN_SUSPICIOUS_MOVE = YES;
				CLANG_WARN_UNGUARDED_AVAILABILITY = YES_AGGRESSIVE;
				CLANG_WARN_UNREACHABLE_CODE = YES;
				CLANG_WARN__DUPLICATE_METHOD_MATCH = YES;
				COPY_PHASE_STRIP = NO;
				DEBUG_INFORMATION_FORMAT = "dwarf-with-dsym";
				ENABLE_NS_ASSERTIONS = NO;
				ENABLE_STRICT_OBJC_MSGSEND = YES;
				GCC_C_LANGUAGE_STANDARD = gnu11;
				GCC_NO_COMMON_BLOCKS = YES;
				GCC_WARN_64_TO_32_BIT_CONVERSION = YES;
				GCC_WARN_ABOUT_RETURN_TYPE = YES_ERROR;
				GCC_WARN_UNDECLARED_SELECTOR = YES;
				GCC_WARN_UNINITIALIZED_AUTOS = YES_AGGRESSIVE;
				GCC_WARN_UNUSED_FUNCTION = YES;
				GCC_WARN_UNUSED_VARIABLE = YES;
				IPHONEOS_DEPLOYMENT_TARGET = 16.2;
				MTL_ENABLE_DEBUG_INFO = NO;
				MTL_FAST_MATH = YES;
				SDKROOT = iphoneos;
				SWIFT_COMPILATION_MODE = wholemodule;
				SWIFT_OPTIMIZATION_LEVEL = "-O";
				VALIDATE_PRODUCT = YES;
			};
			name = Release;
		};
		0AD5D2342A41FB9F000E826B /* Debug */ = {
			isa = XCBuildConfiguration;
			baseConfigurationReference = 467E1D47FA05B4FC8301092E /* Pods-ToDo.debug.xcconfig */;
			buildSettings = {
				ASSETCATALOG_COMPILER_APPICON_NAME = AppIcon;
				ASSETCATALOG_COMPILER_GLOBAL_ACCENT_COLOR_NAME = AccentColor;
				CODE_SIGN_STYLE = Automatic;
				CURRENT_PROJECT_VERSION = 1;
				GENERATE_INFOPLIST_FILE = YES;
				INFOPLIST_FILE = ToDo/Info.plist;
				INFOPLIST_KEY_UIApplicationSupportsIndirectInputEvents = YES;
				INFOPLIST_KEY_UILaunchStoryboardName = LaunchScreen;
				INFOPLIST_KEY_UISupportedInterfaceOrientations = "UIInterfaceOrientationLandscapeLeft UIInterfaceOrientationLandscapeRight UIInterfaceOrientationPortrait";
				INFOPLIST_KEY_UISupportedInterfaceOrientations_iPad = "UIInterfaceOrientationLandscapeLeft UIInterfaceOrientationLandscapeRight UIInterfaceOrientationPortrait UIInterfaceOrientationPortraitUpsideDown";
				LD_RUNPATH_SEARCH_PATHS = (
					"$(inherited)",
					"@executable_path/Frameworks",
				);
				MARKETING_VERSION = 1.0;
				PRODUCT_BUNDLE_IDENTIFIER = "-.ToDo";
				PRODUCT_NAME = "$(TARGET_NAME)";
				SWIFT_EMIT_LOC_STRINGS = YES;
				SWIFT_STRICT_CONCURRENCY = complete;
				SWIFT_VERSION = 5.0;
				TARGETED_DEVICE_FAMILY = "1,2";
			};
			name = Debug;
		};
		0AD5D2352A41FB9F000E826B /* Release */ = {
			isa = XCBuildConfiguration;
			baseConfigurationReference = 7733BD76122C594272217D87 /* Pods-ToDo.release.xcconfig */;
			buildSettings = {
				ASSETCATALOG_COMPILER_APPICON_NAME = AppIcon;
				ASSETCATALOG_COMPILER_GLOBAL_ACCENT_COLOR_NAME = AccentColor;
				CODE_SIGN_STYLE = Automatic;
				CURRENT_PROJECT_VERSION = 1;
				GENERATE_INFOPLIST_FILE = YES;
				INFOPLIST_FILE = ToDo/Info.plist;
				INFOPLIST_KEY_UIApplicationSupportsIndirectInputEvents = YES;
				INFOPLIST_KEY_UILaunchStoryboardName = LaunchScreen;
				INFOPLIST_KEY_UISupportedInterfaceOrientations = "UIInterfaceOrientationLandscapeLeft UIInterfaceOrientationLandscapeRight UIInterfaceOrientationPortrait";
				INFOPLIST_KEY_UISupportedInterfaceOrientations_iPad = "UIInterfaceOrientationLandscapeLeft UIInterfaceOrientationLandscapeRight UIInterfaceOrientationPortrait UIInterfaceOrientationPortraitUpsideDown";
				LD_RUNPATH_SEARCH_PATHS = (
					"$(inherited)",
					"@executable_path/Frameworks",
				);
				MARKETING_VERSION = 1.0;
				PRODUCT_BUNDLE_IDENTIFIER = "-.ToDo";
				PRODUCT_NAME = "$(TARGET_NAME)";
				SWIFT_EMIT_LOC_STRINGS = YES;
				SWIFT_STRICT_CONCURRENCY = complete;
				SWIFT_VERSION = 5.0;
				TARGETED_DEVICE_FAMILY = "1,2";
			};
			name = Release;
		};
		0AD5D2372A41FB9F000E826B /* Debug */ = {
			isa = XCBuildConfiguration;
			baseConfigurationReference = 96A0BA2548E58C3C59A3F080 /* Pods-ToDoTests.debug.xcconfig */;
			buildSettings = {
				ALWAYS_EMBED_SWIFT_STANDARD_LIBRARIES = YES;
				BUNDLE_LOADER = "$(TEST_HOST)";
				CODE_SIGN_STYLE = Automatic;
				CURRENT_PROJECT_VERSION = 1;
				GENERATE_INFOPLIST_FILE = YES;
				IPHONEOS_DEPLOYMENT_TARGET = 16.2;
				MARKETING_VERSION = 1.0;
				PRODUCT_BUNDLE_IDENTIFIER = "-.ToDoTests";
				PRODUCT_NAME = "$(TARGET_NAME)";
				SWIFT_EMIT_LOC_STRINGS = NO;
				SWIFT_VERSION = 5.0;
				TARGETED_DEVICE_FAMILY = "1,2";
				TEST_HOST = "$(BUILT_PRODUCTS_DIR)/ToDo.app/$(BUNDLE_EXECUTABLE_FOLDER_PATH)/ToDo";
			};
			name = Debug;
		};
		0AD5D2382A41FB9F000E826B /* Release */ = {
			isa = XCBuildConfiguration;
			baseConfigurationReference = 403D6E5B071A97636CAB8E56 /* Pods-ToDoTests.release.xcconfig */;
			buildSettings = {
				ALWAYS_EMBED_SWIFT_STANDARD_LIBRARIES = YES;
				BUNDLE_LOADER = "$(TEST_HOST)";
				CODE_SIGN_STYLE = Automatic;
				CURRENT_PROJECT_VERSION = 1;
				GENERATE_INFOPLIST_FILE = YES;
				IPHONEOS_DEPLOYMENT_TARGET = 16.2;
				MARKETING_VERSION = 1.0;
				PRODUCT_BUNDLE_IDENTIFIER = "-.ToDoTests";
				PRODUCT_NAME = "$(TARGET_NAME)";
				SWIFT_EMIT_LOC_STRINGS = NO;
				SWIFT_VERSION = 5.0;
				TARGETED_DEVICE_FAMILY = "1,2";
				TEST_HOST = "$(BUILT_PRODUCTS_DIR)/ToDo.app/$(BUNDLE_EXECUTABLE_FOLDER_PATH)/ToDo";
			};
			name = Release;
		};
		0AD5D23A2A41FB9F000E826B /* Debug */ = {
			isa = XCBuildConfiguration;
			baseConfigurationReference = E313B270AF273B294DDEFC25 /* Pods-ToDo-ToDoUITests.debug.xcconfig */;
			buildSettings = {
				ALWAYS_EMBED_SWIFT_STANDARD_LIBRARIES = YES;
				CODE_SIGN_STYLE = Automatic;
				CURRENT_PROJECT_VERSION = 1;
				GENERATE_INFOPLIST_FILE = YES;
				MARKETING_VERSION = 1.0;
				PRODUCT_BUNDLE_IDENTIFIER = "-.ToDoUITests";
				PRODUCT_NAME = "$(TARGET_NAME)";
				SWIFT_EMIT_LOC_STRINGS = NO;
				SWIFT_VERSION = 5.0;
				TARGETED_DEVICE_FAMILY = "1,2";
				TEST_TARGET_NAME = ToDo;
			};
			name = Debug;
		};
		0AD5D23B2A41FB9F000E826B /* Release */ = {
			isa = XCBuildConfiguration;
			baseConfigurationReference = A17EDC449F851500013AB697 /* Pods-ToDo-ToDoUITests.release.xcconfig */;
			buildSettings = {
				ALWAYS_EMBED_SWIFT_STANDARD_LIBRARIES = YES;
				CODE_SIGN_STYLE = Automatic;
				CURRENT_PROJECT_VERSION = 1;
				GENERATE_INFOPLIST_FILE = YES;
				MARKETING_VERSION = 1.0;
				PRODUCT_BUNDLE_IDENTIFIER = "-.ToDoUITests";
				PRODUCT_NAME = "$(TARGET_NAME)";
				SWIFT_EMIT_LOC_STRINGS = NO;
				SWIFT_VERSION = 5.0;
				TARGETED_DEVICE_FAMILY = "1,2";
				TEST_TARGET_NAME = ToDo;
			};
			name = Release;
		};
/* End XCBuildConfiguration section */

/* Begin XCConfigurationList section */
		0A9490D82A66DC600059C573 /* Build configuration list for PBXNativeTarget "ToDoSwiftUI" */ = {
			isa = XCConfigurationList;
			buildConfigurations = (
				0A9490D92A66DC600059C573 /* Debug */,
				0A9490DA2A66DC600059C573 /* Release */,
			);
			defaultConfigurationIsVisible = 0;
			defaultConfigurationName = Release;
		};
		0A9490DB2A66DC600059C573 /* Build configuration list for PBXNativeTarget "ToDoSwiftUITests" */ = {
			isa = XCConfigurationList;
			buildConfigurations = (
				0A9490DC2A66DC600059C573 /* Debug */,
				0A9490DD2A66DC600059C573 /* Release */,
			);
			defaultConfigurationIsVisible = 0;
			defaultConfigurationName = Release;
		};
		0A9490DE2A66DC600059C573 /* Build configuration list for PBXNativeTarget "ToDoSwiftUIUITests" */ = {
			isa = XCConfigurationList;
			buildConfigurations = (
				0A9490DF2A66DC600059C573 /* Debug */,
				0A9490E02A66DC600059C573 /* Release */,
			);
			defaultConfigurationIsVisible = 0;
			defaultConfigurationName = Release;
		};
		0AD5D2042A41FB9D000E826B /* Build configuration list for PBXProject "ToDo" */ = {
			isa = XCConfigurationList;
			buildConfigurations = (
				0AD5D2312A41FB9F000E826B /* Debug */,
				0AD5D2322A41FB9F000E826B /* Release */,
			);
			defaultConfigurationIsVisible = 0;
			defaultConfigurationName = Release;
		};
		0AD5D2332A41FB9F000E826B /* Build configuration list for PBXNativeTarget "ToDo" */ = {
			isa = XCConfigurationList;
			buildConfigurations = (
				0AD5D2342A41FB9F000E826B /* Debug */,
				0AD5D2352A41FB9F000E826B /* Release */,
			);
			defaultConfigurationIsVisible = 0;
			defaultConfigurationName = Release;
		};
		0AD5D2362A41FB9F000E826B /* Build configuration list for PBXNativeTarget "ToDoTests" */ = {
			isa = XCConfigurationList;
			buildConfigurations = (
				0AD5D2372A41FB9F000E826B /* Debug */,
				0AD5D2382A41FB9F000E826B /* Release */,
			);
			defaultConfigurationIsVisible = 0;
			defaultConfigurationName = Release;
		};
		0AD5D2392A41FB9F000E826B /* Build configuration list for PBXNativeTarget "ToDoUITests" */ = {
			isa = XCConfigurationList;
			buildConfigurations = (
				0AD5D23A2A41FB9F000E826B /* Debug */,
				0AD5D23B2A41FB9F000E826B /* Release */,
			);
			defaultConfigurationIsVisible = 0;
			defaultConfigurationName = Release;
		};
/* End XCConfigurationList section */

/* Begin XCRemoteSwiftPackageReference section */
		0ABF76652A4DF493009BD133 /* XCRemoteSwiftPackageReference "CocoaLumberjack" */ = {
			isa = XCRemoteSwiftPackageReference;
			repositoryURL = "https://github.com/CocoaLumberjack/CocoaLumberjack";
			requirement = {
				kind = upToNextMajorVersion;
				minimumVersion = 3.0.0;
			};
		};
		0ABF76922A5EFE9D009BD133 /* XCRemoteSwiftPackageReference "SQLite.swift" */ = {
			isa = XCRemoteSwiftPackageReference;
			repositoryURL = "https://github.com/stephencelis/SQLite.swift.git";
			requirement = {
				kind = upToNextMajorVersion;
				minimumVersion = 0.9.2;
			};
		};
/* End XCRemoteSwiftPackageReference section */

/* Begin XCSwiftPackageProductDependency section */
		0ABF76662A4DF493009BD133 /* CocoaLumberjack */ = {
			isa = XCSwiftPackageProductDependency;
			package = 0ABF76652A4DF493009BD133 /* XCRemoteSwiftPackageReference "CocoaLumberjack" */;
			productName = CocoaLumberjack;
		};
		0ABF76932A5EFE9D009BD133 /* SQLite */ = {
			isa = XCSwiftPackageProductDependency;
			package = 0ABF76922A5EFE9D009BD133 /* XCRemoteSwiftPackageReference "SQLite.swift" */;
			productName = SQLite;
		};
/* End XCSwiftPackageProductDependency section */
	};
	rootObject = 0AD5D2012A41FB9D000E826B /* Project object */;
}
